# THIS IS AN AUTOGENERATED FILE. DO NOT EDIT THIS FILE DIRECTLY.
# yarn lockfile v1


"@cspell/cspell-bundled-dicts@10.0.1":
  version "10.0.1"
  resolved "https://registry.yarnpkg.com/@cspell/cspell-bundled-dicts/-/cspell-bundled-dicts-10.0.1.tgz#c85650d13a208ab31173dcdc6809ada1983d7cde"
  integrity sha512-WvkSDNX4Uyyj/ZgbPO6L38iFNMfK1EqsH1FteRiI2qLz6QZMXRFrIt12OqiWIplzZDDaVpBH9FCJOPJll0fjCQ==
  dependencies:
    "@cspell/dict-ada" "^4.1.1"
    "@cspell/dict-al" "^1.1.1"
    "@cspell/dict-aws" "^4.0.17"
    "@cspell/dict-bash" "^4.2.2"
    "@cspell/dict-companies" "^3.2.11"
    "@cspell/dict-cpp" "^7.0.2"
    "@cspell/dict-cryptocurrencies" "^5.0.5"
    "@cspell/dict-csharp" "^4.0.8"
    "@cspell/dict-css" "^4.1.1"
    "@cspell/dict-dart" "^2.3.2"
    "@cspell/dict-data-science" "^2.0.13"
    "@cspell/dict-django" "^4.1.6"
    "@cspell/dict-docker" "^1.1.17"
    "@cspell/dict-dotnet" "^5.0.13"
    "@cspell/dict-elixir" "^4.0.8"
    "@cspell/dict-en-common-misspellings" "^2.1.12"
    "@cspell/dict-en-gb-mit" "^3.1.22"
    "@cspell/dict-en_us" "^4.4.33"
    "@cspell/dict-filetypes" "^3.0.18"
    "@cspell/dict-flutter" "^1.1.1"
    "@cspell/dict-fonts" "^4.0.6"
    "@cspell/dict-fsharp" "^1.1.1"
    "@cspell/dict-fullstack" "^3.2.9"
    "@cspell/dict-gaming-terms" "^1.1.2"
    "@cspell/dict-git" "^3.1.0"
    "@cspell/dict-golang" "^6.0.26"
    "@cspell/dict-google" "^1.0.9"
    "@cspell/dict-haskell" "^4.0.6"
    "@cspell/dict-html" "^4.0.15"
    "@cspell/dict-html-symbol-entities" "^4.0.5"
    "@cspell/dict-java" "^5.0.12"
    "@cspell/dict-julia" "^1.1.1"
    "@cspell/dict-k8s" "^1.0.12"
    "@cspell/dict-kotlin" "^1.1.1"
    "@cspell/dict-latex" "^5.1.0"
    "@cspell/dict-lorem-ipsum" "^4.0.5"
    "@cspell/dict-lua" "^4.0.8"
    "@cspell/dict-makefile" "^1.0.5"
    "@cspell/dict-markdown" "^2.0.16"
    "@cspell/dict-monkeyc" "^1.0.12"
    "@cspell/dict-node" "^5.0.9"
    "@cspell/dict-npm" "^5.2.38"
    "@cspell/dict-php" "^4.1.1"
    "@cspell/dict-powershell" "^5.0.15"
    "@cspell/dict-public-licenses" "^2.0.16"
    "@cspell/dict-python" "^4.2.26"
    "@cspell/dict-r" "^2.1.1"
    "@cspell/dict-ruby" "^5.1.1"
    "@cspell/dict-rust" "^4.1.2"
    "@cspell/dict-scala" "^5.0.9"
    "@cspell/dict-shell" "^1.1.2"
    "@cspell/dict-software-terms" "^5.2.2"
    "@cspell/dict-sql" "^2.2.1"
    "@cspell/dict-svelte" "^1.0.7"
    "@cspell/dict-swift" "^2.0.6"
    "@cspell/dict-terraform" "^1.1.3"
    "@cspell/dict-typescript" "^3.2.3"
    "@cspell/dict-vue" "^3.0.5"
    "@cspell/dict-zig" "^1.0.0"

"@cspell/cspell-json-reporter@10.0.1":
  version "10.0.1"
  resolved "https://registry.yarnpkg.com/@cspell/cspell-json-reporter/-/cspell-json-reporter-10.0.1.tgz#d64f9f4fe7c6ab70c5f8c625879e5e13a7fa4669"
  integrity sha512-/nes1RGILec3WCBcoMOd0byNTBtnJuPaVz/+ZzqYkLtY7x58VMcBG5kyP6hPyN8cIwjRADE/SR43gwdXuqk/FA==
  dependencies:
    "@cspell/cspell-types" "10.0.1"

"@cspell/cspell-performance-monitor@10.0.1":
  version "10.0.1"
  resolved "https://registry.yarnpkg.com/@cspell/cspell-performance-monitor/-/cspell-performance-monitor-10.0.1.tgz#944e3ad0cf0b7b03755c807146c394b09d3d1560"
  integrity sha512-9tVcHXwRnbazUv4WSG0h3MqV4+LgmLNgSALAQUflPPW0EMxTf7C4Dmv9cgxJyCEQrdnVKCr58nPPaahhz9LJUg==

"@cspell/cspell-pipe@10.0.1":
  version "10.0.1"
  resolved "https://registry.yarnpkg.com/@cspell/cspell-pipe/-/cspell-pipe-10.0.1.tgz#caccc9dc8f937d7f7b4ffa949de48152bb3f9659"
  integrity sha512-HPeXMD9AZ3V/qPkvQaPcak+C7cJ2z7JTHN8smd6J8L2aThLRky2cHc2OyeaHPSHB7WA47b4z2n5u5nawZhv5VQ==

"@cspell/cspell-resolver@10.0.1":
  version "10.0.1"
  resolved "https://registry.yarnpkg.com/@cspell/cspell-resolver/-/cspell-resolver-10.0.1.tgz#8efc586e10e85f165a0e817ddbfd8774af73e99b"
  integrity sha512-PIzkZHD1fGUQx1XteK2d1iQ0Mzq/maYcoB4jkvAiiR6WqP3MWYNKFdI9z+R5pOq5KgMfW+5Ig1q0oSR6h8irlA==
  dependencies:
    global-directory "^5.0.0"

"@cspell/cspell-service-bus@10.0.1":
  version "10.0.1"
  resolved "https://registry.yarnpkg.com/@cspell/cspell-service-bus/-/cspell-service-bus-10.0.1.tgz#3eaa35cc075a4fd5273833c9c8993e0f1891d307"
  integrity sha512-y6NcIGP2IdXaBL4PVH8vxsr7K27wzz3Ech87UtUtrDSXAiVEOvXgAIknEOUVp59rTlUE8Rn4IRURC6f/hgMyfw==

"@cspell/cspell-types@10.0.1":
  version "10.0.1"
  resolved "https://registry.yarnpkg.com/@cspell/cspell-types/-/cspell-types-10.0.1.tgz#607361589364d41313b005650313aab6e7c26b03"
  integrity sha512-kLgLShnWADDVreKC63pBrWkcvxgZzFIfO34Jhx/SWfuOIA3cD8AXT+HjyuLfoGJ7mUb58hv2kUziKzEy4INb1w==

"@cspell/cspell-worker@10.0.1":
  version "10.0.1"
  resolved "https://registry.yarnpkg.com/@cspell/cspell-worker/-/cspell-worker-10.0.1.tgz#bdf5050b9678b6f5a9a0aefd6218ca57402bbf92"
  integrity sha512-L2bJerfuYOls2wEknm8FmynLtj/G7O4UqX9I/HznRggEW6i2yZIxagDetpVDNowpyavNHJ3SJtUFiyMiZc16Sw==
  dependencies:
    cspell-lib "10.0.1"

"@cspell/dict-ada@^4.1.1":
  version "4.1.1"
  resolved "https://registry.yarnpkg.com/@cspell/dict-ada/-/dict-ada-4.1.1.tgz#78c0c9916e8c96cd38908c02b0c4979f9622c650"
  integrity sha512-E+0YW9RhZod/9Qy2gxfNZiHJjCYFlCdI69br1eviQQWB8yOTJX0JHXLs79kOYhSW0kINPVUdvddEBe6Lu6CjGQ==

"@cspell/dict-al@^1.1.1":
  version "1.1.1"
  resolved "https://registry.yarnpkg.com/@cspell/dict-al/-/dict-al-1.1.1.tgz#d6581e7801daa0f4e7512d3431e7f00c1e7d53e1"
  integrity sha512-sD8GCaZetgQL4+MaJLXqbzWcRjfKVp8x+px3HuCaaiATAAtvjwUQ5/Iubiqwfd1boIh2Y1/3EgM3TLQ7Q8e0wQ==

"@cspell/dict-aws@^4.0.17":
  version "4.0.17"
  resolved "https://registry.yarnpkg.com/@cspell/dict-aws/-/dict-aws-4.0.17.tgz#73dba92ce69868babe114d6e436a5e4dd45b6c6c"
  integrity sha512-ORcblTWcdlGjIbWrgKF+8CNEBQiLVKdUOFoTn0KPNkAYnFcdPP0muT4892h7H4Xafh3j72wqB4/loQ6Nti9E/w==

"@cspell/dict-bash@^4.2.2":
  version "4.2.2"
  resolved "https://registry.yarnpkg.com/@cspell/dict-bash/-/dict-bash-4.2.2.tgz#44250d9f64067cf20a8d76dc885963c6902c6e21"
  integrity sha512-kyWbwtX3TsCf5l49gGQIZkRLaB/P8g73GDRm41Zu8Mv51kjl2H7Au0TsEvHv7jzcsRLS6aUYaZv6Zsvk1fOz+Q==
  dependencies:
    "@cspell/dict-shell" "1.1.2"

"@cspell/dict-companies@^3.2.11":
  version "3.2.12"
  resolved "https://registry.yarnpkg.com/@cspell/dict-companies/-/dict-companies-3.2.12.tgz#d49d74e9f98d3bbdc48ac9c5a24b4d601886c6c1"
  integrity sha512-mjiz/N3zWOCsz5VfwMUydSl7uW0OU9H2PnbCNc3RV44Vj6Q59CSp6EYGSGZQxrXU1gpsuZUrwr6QCjNjFOOg5A==

"@cspell/dict-cpp@^7.0.2":
  version "7.0.2"
  resolved "https://registry.yarnpkg.com/@cspell/dict-cpp/-/dict-cpp-7.0.2.tgz#bbedeb669e56956f2da7e0977a3a1ad4dc660f83"
  integrity sha512-dfbeERiVNeqmo/npivdR6rDiBCqZi3QtjH2Z0HFcXwpdj6i97dX1xaKyK2GUsO/p4u1TOv63Dmj5Vm48haDpuA==

"@cspell/dict-cryptocurrencies@^5.0.5":
  version "5.0.5"
  resolved "https://registry.yarnpkg.com/@cspell/dict-cryptocurrencies/-/dict-cryptocurrencies-5.0.5.tgz#843a6ac45216227f5436c442a8683c1571e57160"
  integrity sha512-R68hYYF/rtlE6T/dsObStzN5QZw+0aQBinAXuWCVqwdS7YZo0X33vGMfChkHaiCo3Z2+bkegqHlqxZF4TD3rUA==

"@cspell/dict-csharp@^4.0.8":
  version "4.0.8"
  resolved "https://registry.yarnpkg.com/@cspell/dict-csharp/-/dict-csharp-4.0.8.tgz#27f6d5873f4dde77c03c78bb7d3c51bc8d8d78c1"
  integrity sha512-qmk45pKFHSxckl5mSlbHxmDitSsGMlk/XzFgt7emeTJWLNSTUK//MbYAkBNRtfzB4uD7pAFiKgpKgtJrTMRnrQ==

"@cspell/dict-css@^4.1.1":
  version "4.1.2"
  resolved "https://registry.yarnpkg.com/@cspell/dict-css/-/dict-css-4.1.2.tgz#d913cee821acf75616d1298d152341638ef3d85d"
  integrity sha512-+ylGoKdwZ2sVOCOnU2Eq5wDZx+RaVX3HoKyNHGGsFvhSw6IidQ6tH/mAPKBDofViHJoWCPNlklE0lTr6MDG3QA==

"@cspell/dict-dart@^2.3.2":
  version "2.3.2"
  resolved "https://registry.yarnpkg.com/@cspell/dict-dart/-/dict-dart-2.3.2.tgz#aae782dcf6c673857945b9bbe03beeaa79649222"
  integrity sha512-sUiLW56t9gfZcu8iR/5EUg+KYyRD83Cjl3yjDEA2ApVuJvK1HhX+vn4e4k4YfjpUQMag8XO2AaRhARE09+/rqw==

"@cspell/dict-data-science@^2.0.13":
  version "2.0.13"
  resolved "https://registry.yarnpkg.com/@cspell/dict-data-science/-/dict-data-science-2.0.13.tgz#234e399bd7af8cd6c1be6054be7b65aed6974479"
  integrity sha512-l1HMEhBJkPmw4I2YGVu2eBSKM89K9pVF+N6qIr5Uo5H3O979jVodtuwP8I7LyPrJnC6nz28oxeGRCLh9xC5CVA==

"@cspell/dict-data-science@^2.0.16":
  version "2.0.16"
  resolved "https://registry.yarnpkg.com/@cspell/dict-data-science/-/dict-data-science-2.0.16.tgz#370d4fdfcfaadb7176b6ca47e2e8603166e1c4a1"
  integrity sha512-M72mxv5asuAnORurz4iXRJ+Tw9XBq6eu7D2Ne7biP0Z1RciKGNxXWu9JycA/KlVvK1hAlKj/fANlXhuEWpXKFg==

"@cspell/dict-django@^4.1.6":
  version "4.1.6"
  resolved "https://registry.yarnpkg.com/@cspell/dict-django/-/dict-django-4.1.6.tgz#a92408ba8971ca3df3c602b9e3750a14be69a8f6"
  integrity sha512-SdbSFDGy9ulETqNz15oWv2+kpWLlk8DJYd573xhIkeRdcXOjskRuxjSZPKfW7O3NxN/KEf3gm3IevVOiNuFS+w==

"@cspell/dict-docker@^1.1.17":
  version "1.1.17"
  resolved "https://registry.yarnpkg.com/@cspell/dict-docker/-/dict-docker-1.1.17.tgz#8674b3613dfa9c7d2922f6ec29ff845cb16e6650"
  integrity sha512-OcnVTIpHIYYKhztNTyK8ShAnXTfnqs43hVH6p0py0wlcwRIXe5uj4f12n7zPf2CeBI7JAlPjEsV0Rlf4hbz/xQ==

"@cspell/dict-dotnet@^5.0.13":
  version "5.0.13"
  resolved "https://registry.yarnpkg.com/@cspell/dict-dotnet/-/dict-dotnet-5.0.13.tgz#c75b4cdba79462398c4098739e699ea4144c85e5"
  integrity sha512-xPp7jMnFpOri7tzmqmm/dXMolXz1t2bhNqxYkOyMqXhvs08oc7BFs+EsbDY0X7hqiISgeFZGNqn0dOCr+ncPYw==

"@cspell/dict-elixir@^4.0.8":
  version "4.0.8"
  resolved "https://registry.yarnpkg.com/@cspell/dict-elixir/-/dict-elixir-4.0.8.tgz#c1b2a30d0fc654a001f718f196beb60c01e0e1f6"
  integrity sha512-CyfphrbMyl4Ms55Vzuj+mNmd693HjBFr9hvU+B2YbFEZprE5AG+EXLYTMRWrXbpds4AuZcvN3deM2XVB80BN/Q==

"@cspell/dict-en-common-misspellings@^2.1.12":
  version "2.1.12"
  resolved "https://registry.yarnpkg.com/@cspell/dict-en-common-misspellings/-/dict-en-common-misspellings-2.1.12.tgz#5e15fdbdd65d6624518cb2812d0cc2c445faada8"
  integrity sha512-14Eu6QGqyksqOd4fYPuRb58lK1Va7FQK9XxFsRKnZU8LhL3N+kj7YKDW+7aIaAN/0WGEqslGP6lGbQzNti8Akw==

"@cspell/dict-en-gb-mit@^3.1.22":
  version "3.1.25"
  resolved "https://registry.yarnpkg.com/@cspell/dict-en-gb-mit/-/dict-en-gb-mit-3.1.25.tgz#f33bb024ffb4f52b0d4f263882e11bffcf338f8a"
  integrity sha512-zGODptk24CMrXi49ieG2SUm94CKxEsVF0dYNF+1ZYH0MSsQDZ/PKDlrrbvtBqSupKdPSj0Z9sjOmMNfHHW9ZSg==

"@cspell/dict-en_us@^4.4.33":
  version "4.4.36"
  resolved "https://registry.yarnpkg.com/@cspell/dict-en_us/-/dict-en_us-4.4.36.tgz#fdfd0e722b6d9f234364c08c72149fb305c2131e"
  integrity sha512-2yOhI/+7d1DbfvMljGW4jw8pLqDEsVmnvUXBOCFXtLU2BWgQkrqOJDCNseYjEiEbTp0OtdrWEWWPFSP1TNugQw==

"@cspell/dict-filetypes@^3.0.18":
  version "3.0.18"
  resolved "https://registry.yarnpkg.com/@cspell/dict-filetypes/-/dict-filetypes-3.0.18.tgz#b798a5321d8a4a254a9998920db4b91491e51ebf"
  integrity sha512-yU7RKD/x1IWmDLzWeiItMwgV+6bUcU/af23uS0+uGiFUbsY1qWV/D4rxlAAO6Z7no3J2z8aZOkYIOvUrJq0Rcw==

"@cspell/dict-flutter@^1.1.1":
  version "1.1.1"
  resolved "https://registry.yarnpkg.com/@cspell/dict-flutter/-/dict-flutter-1.1.1.tgz#fab57cf189a8012e870d2e1f21526b18345038d7"
  integrity sha512-UlOzRcH2tNbFhZmHJN48Za/2/MEdRHl2BMkCWZBYs+30b91mWvBfzaN4IJQU7dUZtowKayVIF9FzvLZtZokc5A==

"@cspell/dict-fonts@^4.0.6":
  version "4.0.6"
  resolved "https://registry.yarnpkg.com/@cspell/dict-fonts/-/dict-fonts-4.0.6.tgz#efdda213b4c876053aea51bafc7cd882c6379563"
  integrity sha512-aR/0csY01dNb0A1tw/UmN9rKgHruUxsYsvXu6YlSBJFu60s26SKr/k1o4LavpHTQ+lznlYMqAvuxGkE4Flliqw==

"@cspell/dict-fsharp@^1.1.1":
  version "1.1.1"
  resolved "https://registry.yarnpkg.com/@cspell/dict-fsharp/-/dict-fsharp-1.1.1.tgz#46414a8177b1c3373f1edb156df446088147cc22"
  integrity sha512-imhs0u87wEA4/cYjgzS0tAyaJpwG7vwtC8UyMFbwpmtw+/bgss+osNfyqhYRyS/ehVCWL17Ewx2UPkexjKyaBA==

"@cspell/dict-fullstack@^3.2.9":
  version "3.2.9"
  resolved "https://registry.yarnpkg.com/@cspell/dict-fullstack/-/dict-fullstack-3.2.9.tgz#e8baf9382b6006921684c9408dcad2c1de5ae4bc"
  integrity sha512-diZX+usW5aZ4/b2T0QM/H/Wl9aNMbdODa1Jq0ReBr/jazmNeWjd+PyqeVgzd1joEaHY+SAnjrf/i9CwKd2ZtWQ==

"@cspell/dict-gaming-terms@^1.1.2":
  version "1.1.2"
  resolved "https://registry.yarnpkg.com/@cspell/dict-gaming-terms/-/dict-gaming-terms-1.1.2.tgz#459aa470b43eacbd3cbf7b32bd5bbb259cb78812"
  integrity sha512-9XnOvaoTBscq0xuD6KTEIkk9hhdfBkkvJAIsvw3JMcnp1214OCGW8+kako5RqQ2vTZR3Tnf3pc57o7VgkM0q1Q==

"@cspell/dict-git@^3.1.0":
  version "3.1.0"
  resolved "https://registry.yarnpkg.com/@cspell/dict-git/-/dict-git-3.1.0.tgz#7ac48114425c74e0a1c00f154138cf81b04f250b"
  integrity sha512-KEt9zGkxqGy2q1nwH4CbyqTSv5nadpn8BAlDnzlRcnL0Xb3LX9xTgSGShKvzb0bw35lHoYyLWN2ZKAqbC4pgGQ==

"@cspell/dict-golang@^6.0.26":
  version "6.0.26"
  resolved "https://registry.yarnpkg.com/@cspell/dict-golang/-/dict-golang-6.0.26.tgz#8d0a6f09ade1c489a92b594475bba2b6020b6d28"
  integrity sha512-YKA7Xm5KeOd14v5SQ4ll6afe9VSy3a2DWM7L9uBq4u3lXToRBQ1W5PRa+/Q9udd+DTURyVVnQ+7b9cnOlNxaRg==

"@cspell/dict-google@^1.0.9":
  version "1.0.9"
  resolved "https://registry.yarnpkg.com/@cspell/dict-google/-/dict-google-1.0.9.tgz#5bf72aecf2ae8289bd2427245ca13ee77b39399c"
  integrity sha512-biL65POqialY0i4g6crj7pR6JnBkbsPovB2WDYkj3H4TuC/QXv7Pu5pdPxeUJA6TSCHI7T5twsO4VSVyRxD9CA==

"@cspell/dict-haskell@^4.0.6":
  version "4.0.6"
  resolved "https://registry.yarnpkg.com/@cspell/dict-haskell/-/dict-haskell-4.0.6.tgz#881436f944a6901cff8fab1af776277ca96f1b8c"
  integrity sha512-ib8SA5qgftExpYNjWhpYIgvDsZ/0wvKKxSP+kuSkkak520iPvTJumEpIE+qPcmJQo4NzdKMN8nEfaeci4OcFAQ==

"@cspell/dict-html-symbol-entities@^4.0.5":
  version "4.0.5"
  resolved "https://registry.yarnpkg.com/@cspell/dict-html-symbol-entities/-/dict-html-symbol-entities-4.0.5.tgz#cbdd8c133c7d649d32e10f48b58bd4a9304b5cb6"
  integrity sha512-429alTD4cE0FIwpMucvSN35Ld87HCyuM8mF731KU5Rm4Je2SG6hmVx7nkBsLyrmH3sQukTcr1GaiZsiEg8svPA==

"@cspell/dict-html@^4.0.15":
  version "4.0.15"
  resolved "https://registry.yarnpkg.com/@cspell/dict-html/-/dict-html-4.0.15.tgz#4ccd850cff30cc65b2eb372d8b96ec9a55afd177"
  integrity sha512-GJYnYKoD9fmo2OI0aySEGZOjThnx3upSUvV7mmqUu8oG+mGgzqm82P/f7OqsuvTaInZZwZbo+PwJQd/yHcyFIw==

"@cspell/dict-java@^5.0.12":
  version "5.0.12"
  resolved "https://registry.yarnpkg.com/@cspell/dict-java/-/dict-java-5.0.12.tgz#869ab27a972c7c0854a7a4854b770c4cf941fb8b"
  integrity sha512-qPSNhTcl7LGJ5Qp6VN71H8zqvRQK04S08T67knMq9hTA8U7G1sTKzLmBaDOFhq17vNX/+rT+rbRYp+B5Nwza1A==

"@cspell/dict-julia@^1.1.1":
  version "1.1.1"
  resolved "https://registry.yarnpkg.com/@cspell/dict-julia/-/dict-julia-1.1.1.tgz#78601c0e9397c2cba1aecfcc01dcc0654c5d2b9a"
  integrity sha512-WylJR9TQ2cgwd5BWEOfdO3zvDB+L7kYFm0I9u0s9jKHWQ6yKmfKeMjU9oXxTBxIufhCXm92SKwwVNAC7gjv+yA==

"@cspell/dict-k8s@^1.0.12":
  version "1.0.12"
  resolved "https://registry.yarnpkg.com/@cspell/dict-k8s/-/dict-k8s-1.0.12.tgz#f4dd4e780fd698af8b9e3ac9106d10c35a96df18"
  integrity sha512-2LcllTWgaTfYC7DmkMPOn9GsBWsA4DZdlun4po8s2ysTP7CPEnZc1ZfK6pZ2eI4TsZemlUQQ+NZxMe9/QutQxg==

"@cspell/dict-kotlin@^1.1.1":
  version "1.1.1"
  resolved "https://registry.yarnpkg.com/@cspell/dict-kotlin/-/dict-kotlin-1.1.1.tgz#830d7b3d33685c0998ef5b922b0d7779f6669706"
  integrity sha512-J3NzzfgmxRvEeOe3qUXnSJQCd38i/dpF9/t3quuWh6gXM+krsAXP75dY1CzDmS8mrJAlBdVBeAW5eAZTD8g86Q==

"@cspell/dict-latex@^5.1.0":
  version "5.1.0"
  resolved "https://registry.yarnpkg.com/@cspell/dict-latex/-/dict-latex-5.1.0.tgz#c607cfb349ea73378ab5ae79592d389a3cc47c3e"
  integrity sha512-qxT4guhysyBt0gzoliXYEBYinkAdEtR2M7goRaUH0a7ltCsoqqAeEV8aXYRIdZGcV77gYSobvu3jJL038tlPAw==

"@cspell/dict-lorem-ipsum@^4.0.5":
  version "4.0.5"
  resolved "https://registry.yarnpkg.com/@cspell/dict-lorem-ipsum/-/dict-lorem-ipsum-4.0.5.tgz#0321cef57b09387ea3dbae1ecd52123da9ec810f"
  integrity sha512-9a4TJYRcPWPBKkQAJ/whCu4uCAEgv/O2xAaZEI0n4y1/l18Yyx8pBKoIX5QuVXjjmKEkK7hi5SxyIsH7pFEK9Q==

"@cspell/dict-lua@^4.0.8":
  version "4.0.8"
  resolved "https://registry.yarnpkg.com/@cspell/dict-lua/-/dict-lua-4.0.8.tgz#0bb1683212cdac2acb60483bd5c8970d62a41972"
  integrity sha512-N4PkgNDMu9JVsRu7JBS/3E/dvfItRgk9w5ga2dKq+JupP2Y3lojNaAVFhXISh4Y0a6qXDn2clA6nvnavQ/jjLA==

"@cspell/dict-makefile@^1.0.5":
  version "1.0.5"
  resolved "https://registry.yarnpkg.com/@cspell/dict-makefile/-/dict-makefile-1.0.5.tgz#fe6e7df2360ff694ef41c90a0d4b422e81f560ef"
  integrity sha512-4vrVt7bGiK8Rx98tfRbYo42Xo2IstJkAF4tLLDMNQLkQ86msDlYSKG1ZCk8Abg+EdNcFAjNhXIiNO+w4KflGAQ==

"@cspell/dict-markdown@^2.0.16":
  version "2.0.17"
  resolved "https://registry.yarnpkg.com/@cspell/dict-markdown/-/dict-markdown-2.0.17.tgz#6f9115195202e83d4a6763b50468207a2a410c8f"
  integrity sha512-H8bAxih6U8NOnSPL7R8My+tqjaB4tmnJTjERuz4zYqmf+cH+5xshX3UVgKlwWFcyjsYfv/zEDuRdMctQv1q6HQ==

"@cspell/dict-monkeyc@^1.0.12":
  version "1.0.12"
  resolved "https://registry.yarnpkg.com/@cspell/dict-monkeyc/-/dict-monkeyc-1.0.12.tgz#76d4127d19d861acfb047a24fdc841b781416ef4"
  integrity sha512-MN7Vs11TdP5mbdNFQP5x2Ac8zOBm97ARg6zM5Sb53YQt/eMvXOMvrep7+/+8NJXs0jkp70bBzjqU4APcqBFNAw==

"@cspell/dict-node@^5.0.9":
  version "5.0.9"
  resolved "https://registry.yarnpkg.com/@cspell/dict-node/-/dict-node-5.0.9.tgz#ca894e62b85deaf2f55e9d9c86fdbb260ba923eb"
  integrity sha512-hO+ga+uYZ/WA4OtiMEyKt5rDUlUyu3nXMf8KVEeqq2msYvAPdldKBGH7lGONg6R/rPhv53Rb+0Y1SLdoK1+7wQ==

"@cspell/dict-npm@^5.2.38":
  version "5.2.43"
  resolved "https://registry.yarnpkg.com/@cspell/dict-npm/-/dict-npm-5.2.43.tgz#691dd70d55a54f30f3aa2a9b66aa99f28310f394"
  integrity sha512-H2gYwtu59dNO9662Uq0usfuhyNd7lZJE1C61a/UXcpRyWWSrTo2Bz+vwGYp1bXZ1LmjXadqvwJ8ArFlGdiadNQ==

"@cspell/dict-php@^4.1.1":
  version "4.1.1"
  resolved "https://registry.yarnpkg.com/@cspell/dict-php/-/dict-php-4.1.1.tgz#39117cde87706f843a0476c56b807c16d71a9e4b"
  integrity sha512-EXelI+4AftmdIGtA8HL8kr4WlUE11OqCSVlnIgZekmTkEGSZdYnkFdiJ5IANSALtlQ1mghKjz+OFqVs6yowgWA==

"@cspell/dict-powershell@^5.0.15":
  version "5.0.15"
  resolved "https://registry.yarnpkg.com/@cspell/dict-powershell/-/dict-powershell-5.0.15.tgz#4ad8b6a741c96508f7b5acbcda2a15978be351c6"
  integrity sha512-l4S5PAcvCFcVDMJShrYD0X6Huv9dcsQPlsVsBGbH38wvuN7gS7+GxZFAjTNxDmTY1wrNi1cCatSg6Pu2BW4rgg==

"@cspell/dict-public-licenses@^2.0.16":
  version "2.0.16"
  resolved "https://registry.yarnpkg.com/@cspell/dict-public-licenses/-/dict-public-licenses-2.0.16.tgz#8eb3c467c24526460543a24edf55a979a4f34f39"
  integrity sha512-EQRrPvEOmwhwWezV+W7LjXbIBjiy6y/shrET6Qcpnk3XANTzfvWflf9PnJ5kId/oKWvihFy0za0AV1JHd03pSQ==

"@cspell/dict-python@^4.2.26":
  version "4.2.29"
  resolved "https://registry.yarnpkg.com/@cspell/dict-python/-/dict-python-4.2.29.tgz#3e1936e3ce69e06f204a7a58648e6f6de217e069"
  integrity sha512-OnEt1a35iuQzc2Ize1qU/43ZyF10urRKAm+mlTz++vnAgDLBHpKfWakpSK50nyL5/1WvyQ8BaMjb52MBLEpTeA==
  dependencies:
    "@cspell/dict-data-science" "^2.0.16"

"@cspell/dict-r@^2.1.1":
  version "2.1.1"
  resolved "https://registry.yarnpkg.com/@cspell/dict-r/-/dict-r-2.1.1.tgz#ace8d66799cae4148411bb6483d9c8a8a3c8a50f"
  integrity sha512-71Ka+yKfG4ZHEMEmDxc6+blFkeTTvgKbKAbwiwQAuKl3zpqs1Y0vUtwW2N4b3LgmSPhV3ODVY0y4m5ofqDuKMw==

"@cspell/dict-ruby@^5.1.1":
  version "5.1.1"
  resolved "https://registry.yarnpkg.com/@cspell/dict-ruby/-/dict-ruby-5.1.1.tgz#73c5c48cb20402b1ba5589b08c904b11e2f12ccb"
  integrity sha512-LHrp84oEV6q1ZxPPyj4z+FdKyq1XAKYPtmGptrd+uwHbrF/Ns5+fy6gtSi7pS+uc0zk3JdO9w/tPK+8N1/7WUA==

"@cspell/dict-rust@^4.1.2":
  version "4.1.2"
  resolved "https://registry.yarnpkg.com/@cspell/dict-rust/-/dict-rust-4.1.2.tgz#6a151e72dc3be916c040111bba7358401ba57e15"
  integrity sha512-O1FHrumYcO+HZti3dHfBPUdnDFkI+nbYK3pxYmiM1sr+G0ebOd6qchmswS0Wsc6ZdEVNiPYJY/gZQR6jfW3uOg==

"@cspell/dict-scala@^5.0.9":
  version "5.0.9"
  resolved "https://registry.yarnpkg.com/@cspell/dict-scala/-/dict-scala-5.0.9.tgz#181d6b9cad0596bec2f8df198a79576f97112b6e"
  integrity sha512-AjVcVAELgllybr1zk93CJ5wSUNu/Zb5kIubymR/GAYkMyBdYFCZ3Zbwn4Zz8GJlFFAbazABGOu0JPVbeY59vGg==

"@cspell/dict-shell@1.1.2", "@cspell/dict-shell@^1.1.2":
  version "1.1.2"
  resolved "https://registry.yarnpkg.com/@cspell/dict-shell/-/dict-shell-1.1.2.tgz#33634372214d3a3466b409e94392f6aaee6a0e9b"
  integrity sha512-WqOUvnwcHK1X61wAfwyXq04cn7KYyskg90j4lLg3sGGKMW9Sq13hs91pqrjC44Q+lQLgCobrTkMDw9Wyl9nRFA==

"@cspell/dict-software-terms@^5.2.2":
  version "5.2.4"
  resolved "https://registry.yarnpkg.com/@cspell/dict-software-terms/-/dict-software-terms-5.2.4.tgz#f2ec8cf1f90fbadf8e2a3b89a38c31d0d94df203"
  integrity sha512-z6y/TGH3QNf5wB4pVvN/P3GfFEW/Whf6QAekNsIn06VKl95dnamfpkPWqV8rEtCixQFaKalb5+y9hRQXH3XQ1g==

"@cspell/dict-sql@^2.2.1":
  version "2.2.1"
  resolved "https://registry.yarnpkg.com/@cspell/dict-sql/-/dict-sql-2.2.1.tgz#7dd2f1da1c32d3837c98986ab65727bb94332597"
  integrity sha512-qDHF8MpAYCf4pWU8NKbnVGzkoxMNrFqBHyG/dgrlic5EQiKANCLELYtGlX5auIMDLmTf1inA0eNtv74tyRJ/vg==

"@cspell/dict-svelte@^1.0.7":
  version "1.0.7"
  resolved "https://registry.yarnpkg.com/@cspell/dict-svelte/-/dict-svelte-1.0.7.tgz#c2d9edabc34052b56f6b19754672d392caa315e0"
  integrity sha512-hGZsGqP0WdzKkdpeVLBivRuSNzOTvN036EBmpOwxH+FTY2DuUH7ecW+cSaMwOgmq5JFSdTcbTNFlNC8HN8lhaQ==

"@cspell/dict-swift@^2.0.6":
  version "2.0.6"
  resolved "https://registry.yarnpkg.com/@cspell/dict-swift/-/dict-swift-2.0.6.tgz#bd2f7684b6fbf287fe82c4ebc0736bb38170bd2c"
  integrity sha512-PnpNbrIbex2aqU1kMgwEKvCzgbkHtj3dlFLPMqW1vSniop7YxaDTtvTUO4zA++ugYAEL+UK8vYrBwDPTjjvSnA==

"@cspell/dict-terraform@^1.1.3":
  version "1.1.3"
  resolved "https://registry.yarnpkg.com/@cspell/dict-terraform/-/dict-terraform-1.1.3.tgz#ccd45bd1e4a4ae69cdf8f8649a881c63b7295c66"
  integrity sha512-gr6wxCydwSFyyBKhBA2xkENXtVFToheqYYGFvlMZXWjviynXmh+NK/JTvTCk/VHk3+lzbO9EEQKee6VjrAUSbA==

"@cspell/dict-typescript@^3.2.3":
  version "3.2.3"
  resolved "https://registry.yarnpkg.com/@cspell/dict-typescript/-/dict-typescript-3.2.3.tgz#cf90e8248d6e5749daaa49bff460060b77d12301"
  integrity sha512-zXh1wYsNljQZfWWdSPYwQhpwiuW0KPW1dSd8idjMRvSD0aSvWWHoWlrMsmZeRl4qM4QCEAjua8+cjflm41cQBg==

"@cspell/dict-vue@^3.0.5":
  version "3.0.5"
  resolved "https://registry.yarnpkg.com/@cspell/dict-vue/-/dict-vue-3.0.5.tgz#e915b6a004d0352f5c27a2e4583c42dba62b6ce0"
  integrity sha512-Mqutb8jbM+kIcywuPQCCaK5qQHTdaByoEO2J9LKFy3sqAdiBogNkrplqUK0HyyRFgCfbJUgjz3N85iCMcWH0JA==

"@cspell/dict-zig@^1.0.0":
  version "1.0.0"
  resolved "https://registry.yarnpkg.com/@cspell/dict-zig/-/dict-zig-1.0.0.tgz#f75fef19f2fdad6f5bc4d02b95b8bec824e82ab9"
  integrity sha512-XibBIxBlVosU06+M6uHWkFeT0/pW5WajDRYdXG2CgHnq85b0TI/Ks0FuBJykmsgi2CAD3Qtx8UHFEtl/DSFnAQ==

"@cspell/dynamic-import@10.0.1":
  version "10.0.1"
  resolved "https://registry.yarnpkg.com/@cspell/dynamic-import/-/dynamic-import-10.0.1.tgz#816a7806cbb5285a3654e6aae9409c751918e6d1"
  integrity sha512-mP1gdq00aIcH8HxNMqnH11X6BKxLcneDtFgl/ecjIKnaGKwi44m8AndP5Kr4ODaYdl8UUw9O3dJh7KaQXnLHZQ==
  dependencies:
    "@cspell/url" "10.0.1"
    import-meta-resolve "^4.2.0"

"@cspell/filetypes@10.0.1":
  version "10.0.1"
  resolved "https://registry.yarnpkg.com/@cspell/filetypes/-/filetypes-10.0.1.tgz#ff877980caebb41fc1c8b4d5a2d411b4ca2c22b4"
  integrity sha512-Z5S35giU5IW49fBBq6BksUbE8PC4IYPfaKuwl5Nl9jkf/OkAKiBmCowKX45NzRUQInwK/GSqqIUifrNeI6LdLw==

"@cspell/rpc@10.0.1":
  version "10.0.1"
  resolved "https://registry.yarnpkg.com/@cspell/rpc/-/rpc-10.0.1.tgz#6bb88f18253faf1f4599d89555c2ba238174221c"
  integrity sha512-axSRKv3zEAmBm66iD/FV/MPmE4/Yf7c3PZiwTW894Yd3iEhtn3KPKeTrqQ2/tDrhB1Z2qTsap/Hue0MK4o5WXg==

"@cspell/strong-weak-map@10.0.1":
  version "10.0.1"
  resolved "https://registry.yarnpkg.com/@cspell/strong-weak-map/-/strong-weak-map-10.0.1.tgz#55a206076ab9d8957db5ffbf188cc73d422a3a14"
  integrity sha512-lenN1DVyPi8nJLSMSJJ670ddTjyiruLueuSZO1qLcxBqUhgxDt/mALu9N/1m6WdOVcg6m/5cLiZVg2KOo2UzRw==

"@cspell/url@10.0.1":
  version "10.0.1"
  resolved "https://registry.yarnpkg.com/@cspell/url/-/url-10.0.1.tgz#b7eeefe6f4c84b8f2748d510127e85a3eacbb86b"
  integrity sha512-abYYgI29wJhWIfWTYrYuzRYDcHQUQ1N5ylnhxYn1NJnIQMqUWGLbDmt12JABtZ+R6h6UNatQrS7rhP86etvJyQ==

ansi-regex@^6.2.2:
  version "6.2.2"
  resolved "https://registry.yarnpkg.com/ansi-regex/-/ansi-regex-6.2.2.tgz#60216eea464d864597ce2832000738a0589650c1"
  integrity sha512-Bq3SmSpyFHaWjPk8If9yc6svM8c56dB5BAtW4Qbw5jHTwwXXcTLoRMkpDJp6VL0XzlWaCHTXrkFURMYmD0sLqg==

array-timsort@^1.0.3:
  version "1.0.3"
  resolved "https://registry.yarnpkg.com/array-timsort/-/array-timsort-1.0.3.tgz#3c9e4199e54fb2b9c3fe5976396a21614ef0d926"
  integrity sha512-/+3GRL7dDAGEfM6TseQk/U+mi18TU2Ms9I3UlLdUMhz2hbvGNTKdj9xniwXfUqgYhHxRx0+8UnKkvlNwVU+cWQ==

bundle-name@^4.1.0:
  version "4.1.0"
  resolved "https://registry.yarnpkg.com/bundle-name/-/bundle-name-4.1.0.tgz#f3b96b34160d6431a19d7688135af7cfb8797889"
  integrity sha512-tjwM5exMg6BGRI+kNmTntNsvdZS1X8BFYS6tnJ2hdH0kVxM6/eVZ2xy+FqStSWvYmtfFMDLIxurorHwDKfDz5Q==
  dependencies:
    run-applescript "^7.0.0"

chalk-template@^1.1.2:
  version "1.1.2"
  resolved "https://registry.yarnpkg.com/chalk-template/-/chalk-template-1.1.2.tgz#88ff13e75a333d232304e13abc48c5b5be15f1ce"
  integrity sha512-2bxTP2yUH7AJj/VAXfcA+4IcWGdQ87HwBANLt5XxGTeomo8yG0y95N1um9i5StvhT/Bl0/2cARA5v1PpPXUxUA==
  dependencies:
    chalk "^5.2.0"

chalk@^5.2.0, chalk@^5.6.2:
  version "5.6.2"
  resolved "https://registry.yarnpkg.com/chalk/-/chalk-5.6.2.tgz#b1238b6e23ea337af71c7f8a295db5af0c158aea"
  integrity sha512-7NzBL0rN6fMUW+f7A6Io4h40qQlG+xGmtMxfbnH/K7TAtt8JQWVQK+6g0UXKMeVJoyV5EkkNsErQ8pVD3bLHbA==

commander@^14.0.3:
  version "14.0.3"
  resolved "https://registry.yarnpkg.com/commander/-/commander-14.0.3.tgz#425d79b48f9af82fcd9e4fc1ea8af6c5ec07bbc2"
  integrity sha512-H+y0Jo/T1RZ9qPP4Eh1pkcQcLRglraJaSLoyOtHxu6AapkjWVCy2Sit1QQ4x3Dng8qDlSsZEet7g5Pq06MvTgw==

comment-json@^5.0.0:
  version "5.0.0"
  resolved "https://registry.yarnpkg.com/comment-json/-/comment-json-5.0.0.tgz#3b0cba63da30b31f8b3ea8d75f4d79bfa8346896"
  integrity sha512-uiqLcOiVDJtBP8WGkZHEP+FZIhTzP1dxvn59EfoYUi9gqupjrBWVQkO2atDrbnKPwLeotFYDsuNb26uBMqB+hw==
  dependencies:
    array-timsort "^1.0.3"
    esprima "^4.0.1"

cspell-config-lib@10.0.1:
  version "10.0.1"
  resolved "https://registry.yarnpkg.com/cspell-config-lib/-/cspell-config-lib-10.0.1.tgz#863860db3a0b9e93f0f63ece283b44333bbaa9ed"
  integrity sha512-hMpo/0j6k7pbiqrLDOLJKD2IGP9XwhjKf2miiM6p84Xeo4nyuFZaxxDCQ68R851HSYFrrdltgpoipMbj1h2Tnw==
  dependencies:
    "@cspell/cspell-types" "10.0.1"
    comment-json "^5.0.0"
    smol-toml "^1.6.1"
    yaml "^2.9.0"

cspell-dictionary@10.0.1:
  version "10.0.1"
  resolved "https://registry.yarnpkg.com/cspell-dictionary/-/cspell-dictionary-10.0.1.tgz#a4947f20fc2bf07cdfad0370400c9e2e8fba4c17"
  integrity sha512-3cZ659vgsZWkzGQJR/sNqGDVt/OnvTSieLKI76V++4t1bHJfochb9ZrrwsuMsb1VPGiyqClUP1/O6WrefF/FVg==
  dependencies:
    "@cspell/cspell-performance-monitor" "10.0.1"
    "@cspell/cspell-pipe" "10.0.1"
    "@cspell/cspell-types" "10.0.1"
    cspell-trie-lib "10.0.1"
    fast-equals "^6.0.0"

cspell-gitignore@10.0.1:
  version "10.0.1"
  resolved "https://registry.yarnpkg.com/cspell-gitignore/-/cspell-gitignore-10.0.1.tgz#3ade523387114c18d434be174031aa5ac3917fc0"
  integrity sha512-wN23U61Mx6qPJN3CesOmBU9vnbJ0jQm/ylK0iaVui3CcnO7Zzl5qLu5mPHUzGQGm8yso6qjyxqo16Ho7LpZGOQ==
  dependencies:
    "@cspell/url" "10.0.1"
    cspell-glob "10.0.1"
    cspell-io "10.0.1"

cspell-glob@10.0.1:
  version "10.0.1"
  resolved "https://registry.yarnpkg.com/cspell-glob/-/cspell-glob-10.0.1.tgz#1bf73a85b408f2cc459e0c0491558713c4bcd2a0"
  integrity sha512-7bII9J3aSSpZDwhx7w+zfQXbMxHZQ3be0ilUp5bHrsjz6o07v/NqOHMGcwKdPn1sw2dxDz9sv057xE5pqXnSdw==
  dependencies:
    "@cspell/url" "10.0.1"
    picomatch "^4.0.4"

cspell-grammar@10.0.1:
  version "10.0.1"
  resolved "https://registry.yarnpkg.com/cspell-grammar/-/cspell-grammar-10.0.1.tgz#d31b97bf7f9469490c09a99fe969dd0ca0cc54c2"
  integrity sha512-xC9AFYmaI9wsO//a7S5tdDGKGJVD5UEEsTg+Up2fi7lPfXIryisYmV6tePNL1SEg0idYss4ja8LUZ3Mib09BjQ==
  dependencies:
    "@cspell/cspell-pipe" "10.0.1"
    "@cspell/cspell-types" "10.0.1"

cspell-io@10.0.1:
  version "10.0.1"
  resolved "https://registry.yarnpkg.com/cspell-io/-/cspell-io-10.0.1.tgz#3f362ea44d235f5e63f458c3ed0b578139316cca"
  integrity sha512-8C2ka07faxflnaqEBO3pektS21XViE/SEHT7F5ZD1ou7FyMR5u3xawTBJSczClfsxLt/WYeztBYrpmGAjmjksw==
  dependencies:
    "@cspell/cspell-service-bus" "10.0.1"
    "@cspell/url" "10.0.1"

cspell-lib@10.0.1:
  version "10.0.1"
  resolved "https://registry.yarnpkg.com/cspell-lib/-/cspell-lib-10.0.1.tgz#794d9d5088051ec5e4088b4a3c10cd309cbe158c"
  integrity sha512-RpsIPiLzc4/YMW8BMRKpyJ81x439qjYWcqgdKeXnMkbKM88J9PexzutfFf/4v97v96KzfNitEzMpbI0uj8OeUg==
  dependencies:
    "@cspell/cspell-bundled-dicts" "10.0.1"
    "@cspell/cspell-performance-monitor" "10.0.1"
    "@cspell/cspell-pipe" "10.0.1"
    "@cspell/cspell-resolver" "10.0.1"
    "@cspell/cspell-types" "10.0.1"
    "@cspell/dynamic-import" "10.0.1"
    "@cspell/filetypes" "10.0.1"
    "@cspell/rpc" "10.0.1"
    "@cspell/strong-weak-map" "10.0.1"
    "@cspell/url" "10.0.1"
    cspell-config-lib "10.0.1"
    cspell-dictionary "10.0.1"
    cspell-glob "10.0.1"
    cspell-grammar "10.0.1"
    cspell-io "10.0.1"
    cspell-trie-lib "10.0.1"
    env-paths "^4.0.0"
    gensequence "^8.0.8"
    import-fresh "^4.0.0"
    resolve-from "^5.0.0"
    vscode-languageserver-textdocument "^1.0.12"
    vscode-uri "^3.1.0"
    xdg-basedir "^5.1.0"

cspell-trie-lib@10.0.1:
  version "10.0.1"
  resolved "https://registry.yarnpkg.com/cspell-trie-lib/-/cspell-trie-lib-10.0.1.tgz#d93adf6c104f584d1b7af2f0a76b014407a22cf2"
  integrity sha512-BFvhalSkRQFjKrZ//FKK7fRGrZFpifnxB5AwCkzsIsBZqicsfafcQ1xP21qpb0QqyV/IomjNgviG+tRJs+0rMw==

cspell@^10.0.1:
  version "10.0.1"
  resolved "https://registry.yarnpkg.com/cspell/-/cspell-10.0.1.tgz#c6b58ff7bee40f7151f5e3258bbac8a31e963d64"
  integrity sha512-Gg6w/flT3fKfl3la62hfTnhtNnDQ+9mU7kUhVqw/axl/Ms4oENw0oJMkWFIoj4f6nL/SDPz7KcPXd2XbkKFNmQ==
  dependencies:
    "@cspell/cspell-json-reporter" "10.0.1"
    "@cspell/cspell-performance-monitor" "10.0.1"
    "@cspell/cspell-pipe" "10.0.1"
    "@cspell/cspell-types" "10.0.1"
    "@cspell/cspell-worker" "10.0.1"
    "@cspell/dynamic-import" "10.0.1"
    "@cspell/url" "10.0.1"
    ansi-regex "^6.2.2"
    chalk "^5.6.2"
    chalk-template "^1.1.2"
    commander "^14.0.3"
    cspell-config-lib "10.0.1"
    cspell-dictionary "10.0.1"
    cspell-gitignore "10.0.1"
    cspell-glob "10.0.1"
    cspell-io "10.0.1"
    cspell-lib "10.0.1"
    fast-json-stable-stringify "^2.1.0"
    flatted "^3.4.2"
    semver "^7.8.1"
    tinyglobby "^0.2.16"

default-browser-id@^5.0.0:
  version "5.0.1"
  resolved "https://registry.yarnpkg.com/default-browser-id/-/default-browser-id-5.0.1.tgz#f7a7ccb8f5104bf8e0f71ba3b1ccfa5eafdb21e8"
  integrity sha512-x1VCxdX4t+8wVfd1so/9w+vQ4vx7lKd2Qp5tDRutErwmR85OgmfX7RlLRMWafRMY7hbEiXIbudNrjOAPa/hL8Q==

default-browser@^5.2.1:
  version "5.5.0"
  resolved "https://registry.yarnpkg.com/default-browser/-/default-browser-5.5.0.tgz#2792e886f2422894545947cc80e1a444496c5976"
  integrity sha512-H9LMLr5zwIbSxrmvikGuI/5KGhZ8E2zH3stkMgM5LpOWDutGM2JZaj460Udnf1a+946zc7YBgrqEWwbk7zHvGw==
  dependencies:
    bundle-name "^4.1.0"
    default-browser-id "^5.0.0"

define-lazy-prop@^3.0.0:
  version "3.0.0"
  resolved "https://registry.yarnpkg.com/define-lazy-prop/-/define-lazy-prop-3.0.0.tgz#dbb19adfb746d7fc6d734a06b72f4a00d021255f"
  integrity sha512-N+MeXYoqr3pOgn8xfyRPREN7gHakLYjhsHhWGT3fWAiL4IkAt0iDw14QiiEm2bE30c5XX5q0FtAA3CK5f9/BUg==

env-paths@^4.0.0:
  version "4.0.0"
  resolved "https://registry.yarnpkg.com/env-paths/-/env-paths-4.0.0.tgz#d0bb1f84a81d2542581bf7b7e8085d0683b39097"
  integrity sha512-pxP8eL2SwwaTRi/KHYwLYXinDs7gL3jxFcBYmEdYfZmZXbaVDvdppd0XBU8qVz03rDfKZMXg1omHCbsJjZrMsw==
  dependencies:
    is-safe-filename "^0.1.0"

esprima@^4.0.1:
  version "4.0.1"
  resolved "https://registry.yarnpkg.com/esprima/-/esprima-4.0.1.tgz#13b04cdb3e6c5d19df91ab6987a8695619b0aa71"
  integrity sha512-eGuFFw7Upda+g4p+QHvnW0RyTX/SVeJBDM/gCtMARO0cLuT2HcEKnTPvhjV6aGeqrCB/sbNop0Kszm0jsaWU4A==

fast-equals@^6.0.0:
  version "6.0.0"
  resolved "https://registry.yarnpkg.com/fast-equals/-/fast-equals-6.0.0.tgz#719dedd2e126668b857b5e9d24e112e4acb2649a"
  integrity sha512-PFhhIGgdM79r5Uztdj9Zb6Tt1zKafqVfdMGwVca1z5z6fbX7DmsySSuJd8HiP6I1j505DCS83cLxo5rmSNeVEA==

fast-json-stable-stringify@^2.1.0:
  version "2.1.0"
  resolved "https://registry.yarnpkg.com/fast-json-stable-stringify/-/fast-json-stable-stringify-2.1.0.tgz#874bf69c6f404c2b5d99c481341399fd55892633"
  integrity sha512-lhd/wF+Lk98HZoTCtlVraHtfh5XYijIjalXck7saUtuanSDyLMxnHhSXEDJqHxD7msR8D0uCmqlkwjCV8xvwHw==

fdir@^6.5.0:
  version "6.5.0"
  resolved "https://registry.yarnpkg.com/fdir/-/fdir-6.5.0.tgz#ed2ab967a331ade62f18d077dae192684d50d350"
  integrity sha512-tIbYtZbucOs0BRGqPJkshJUYdL+SDH7dVM8gjy+ERp3WAUjLEFJE+02kanyHtwjWOnwrKYBiwAmM0p4kLJAnXg==

flatted@^3.4.2:
  version "3.4.3"
  resolved "https://registry.yarnpkg.com/flatted/-/flatted-3.4.3.tgz#be5c21e943b2d7a328bb23795ae28c98f0103a9e"
  integrity sha512-/zipXxyO6rGvuNGDiULY9MvEGSkb2gaG4GGH4ygMi0ZZzyMHdUZBmntJmx5x1G2VuPytCwGN4xsJP6cw+sK+vQ==

gensequence@^8.0.8:
  version "8.0.8"
  resolved "https://registry.yarnpkg.com/gensequence/-/gensequence-8.0.8.tgz#381a46bef4b1c26f6aff2b291ce9cd417d363fb1"
  integrity sha512-omMVniXEXpdx/vKxGnPRoO2394Otlze28TyxECbFVyoSpZ9H3EO7lemjcB12OpQJzRW4e5tt/dL1rOxry6aMHg==

global-directory@^5.0.0:
  version "5.0.0"
  resolved "https://registry.yarnpkg.com/global-directory/-/global-directory-5.0.0.tgz#0f66a94212acd0f81ee838d0a991e88d1c2836cf"
  integrity sha512-1pgFdhK3J2LeM+dVf2Pd424yHx2ou338lC0ErNP2hPx4j8eW1Sp0XqSjNxtk6Tc4Kr5wlWtSvz8cn2yb7/SG/w==
  dependencies:
    ini "6.0.0"

import-fresh@^4.0.0:
  version "4.0.0"
  resolved "https://registry.yarnpkg.com/import-fresh/-/import-fresh-4.0.0.tgz#07057d6f3b6d9bf19b8f287c8d73b43da5f9f289"
  integrity sha512-Fpi660c7VPDM3fPKYovStd9IP1CPOikf6v/dGxJJMmHPcwYQIMJ4W7kO1avBYEpMqkCh+Dx3Ln6H7VYqgztLjw==

import-meta-resolve@^4.2.0:
  version "4.2.0"
  resolved "https://registry.yarnpkg.com/import-meta-resolve/-/import-meta-resolve-4.2.0.tgz#08cb85b5bd37ecc8eb1e0f670dc2767002d43734"
  integrity sha512-Iqv2fzaTQN28s/FwZAoFq0ZSs/7hMAHJVX+w8PZl3cY19Pxk6jFFalxQoIfW2826i/fDLXv8IiEZRIT0lDuWcg==

ini@6.0.0:
  version "6.0.0"
  resolved "https://registry.yarnpkg.com/ini/-/ini-6.0.0.tgz#efc7642b276f6a37d22fdf56ef50889d7146bf30"
  integrity sha512-IBTdIkzZNOpqm7q3dRqJvMaldXjDHWkEDfrwGEQTs5eaQMWV+djAhR+wahyNNMAa+qpbDUhBMVt4ZKNwpPm7xQ==

is-docker@^3.0.0:
  version "3.0.0"
  resolved "https://registry.yarnpkg.com/is-docker/-/is-docker-3.0.0.tgz#90093aa3106277d8a77a5910dbae71747e15a200"
  integrity sha512-eljcgEDlEns/7AXFosB5K/2nCM4P7FQPkGc/DWLy5rmFEWvZayGrik1d9/QIY5nJ4f9YsVvBkA6kJpHn9rISdQ==

is-inside-container@^1.0.0:
  version "1.0.0"
  resolved "https://registry.yarnpkg.com/is-inside-container/-/is-inside-container-1.0.0.tgz#e81fba699662eb31dbdaf26766a61d4814717ea4"
  integrity sha512-KIYLCCJghfHZxqjYBE7rEy0OBuTd5xCHS7tHVgvCLkx7StIoaxwNW3hCALgEUjFfeRk+MG/Qxmp/vtETEF3tRA==
  dependencies:
    is-docker "^3.0.0"

is-safe-filename@^0.1.0:
  version "0.1.1"
  resolved "https://registry.yarnpkg.com/is-safe-filename/-/is-safe-filename-0.1.1.tgz#fb22eead097c614c47aa674de5d79a1648a53e66"
  integrity sha512-4SrR7AdnY11LHfDKTZY1u6Ga3RuxZdl3YKWWShO5iyuG5h8QS4GD2tOb04peBJ5I7pXbR+CGBNEhTcwK+FzN3g==

is-wsl@^3.1.0:
  version "3.1.1"
  resolved "https://registry.yarnpkg.com/is-wsl/-/is-wsl-3.1.1.tgz#327897b26832a3eb117da6c27492d04ca132594f"
  integrity sha512-e6rvdUCiQCAuumZslxRJWR/Doq4VpPR82kqclvcS0efgt430SlGIk05vdCN58+VrzgtIcfNODjozVielycD4Sw==
  dependencies:
    is-inside-container "^1.0.0"

open@^10.2.0:
  version "10.2.0"
  resolved "https://registry.yarnpkg.com/open/-/open-10.2.0.tgz#b9d855be007620e80b6fb05fac98141fe62db73c"
  integrity sha512-YgBpdJHPyQ2UE5x+hlSXcnejzAvD0b22U2OuAP+8OnlJT+PjWPxtgmGqKKc+RgTM63U9gN0YzrYc71R2WT/hTA==
  dependencies:
    default-browser "^5.2.1"
    define-lazy-prop "^3.0.0"
    is-inside-container "^1.0.0"
    wsl-utils "^0.1.0"

package-manager-detector@^1.6.0:
  version "1.8.0"
  resolved "https://registry.yarnpkg.com/package-manager-detector/-/package-manager-detector-1.8.0.tgz#70c9a2c4bd1a513dcd6cad006a9fcebec22a1253"
  integrity sha512-yQA4H19AmPEoMUeavPMDIe1higySl/gH/yaQrkT/s07Qp+7pp2hYz30N3z2l5BkjVkF9Ow6o0wjJamm2y7Sn0A==

picomatch@^4.0.4:
  version "4.0.5"
  resolved "https://registry.yarnpkg.com/picomatch/-/picomatch-4.0.5.tgz#51ea57a17d86f605f81039595fbc40ed06a55fab"
  integrity sha512-RvwwcruNjI1ncT5xRakeyS9Lf8lcItv34KD+aif+VH9kduAyfYBipGh12274xtenIPZ119/R9BdTBa8gAwSh0A==

prettier@^3.9.6:
  version "3.9.6"
  resolved "https://registry.yarnpkg.com/prettier/-/prettier-3.9.6.tgz#b3ea5146515d40fc53f18aa63f74dfab1e10dbf6"
  integrity sha512-OpN0zzVdiaiAhxpuuj5efpIS4sY9j7bY6uR5mnj5yPzGkdkjNKSJeUThPb60Jw29QuAZgA4o+/iB49kFiaBX6g==

resolve-from@^5.0.0:
  version "5.0.0"
  resolved "https://registry.yarnpkg.com/resolve-from/-/resolve-from-5.0.0.tgz#c35225843df8f776df21c57557bc087e9dfdfc69"
  integrity sha512-qYg9KP24dD5qka9J47d0aVky0N+b4fTU89LN9iDnjB5waksiC49rvMB0PrUJQGoTmH50XPiqOvAjDfaijGxYZw==

run-applescript@^7.0.0:
  version "7.1.0"
  resolved "https://registry.yarnpkg.com/run-applescript/-/run-applescript-7.1.0.tgz#2e9e54c4664ec3106c5b5630e249d3d6595c4911"
  integrity sha512-DPe5pVFaAsinSaV6QjQ6gdiedWDcRCbUuiQfQa2wmWV7+xC9bGulGI8+TdRmoFkAPaBXk8CrAbnlY2ISniJ47Q==

semver@^7.8.1:
  version "7.8.5"
  resolved "https://registry.yarnpkg.com/semver/-/semver-7.8.5.tgz#39b646037dd50c14fb451e7e4cac58ed8b863f69"
  integrity sha512-Y7/KDsb8LjooZpwaqGyulO6DQlksgCncchHGk+sZIY4SBvUocMBEFH5Ur1fI4dV+Jvl0w6cjvucaIi40puRioA==

smol-toml@^1.6.1:
  version "1.7.1"
  resolved "https://registry.yarnpkg.com/smol-toml/-/smol-toml-1.7.1.tgz#ba3e28d2e4348874a824fd8e1d73fec618cb763b"
  integrity sha512-PPlsspAZ4jbMBu5DMFhfUGDQLu/vrL4SyBROVS37x8ynnVmFIs1VPBz1Co8Xks3TvpIaZXmU85y4DrQ+UyVFoQ==

tinyglobby@^0.2.16:
  version "0.2.17"
  resolved "https://registry.yarnpkg.com/tinyglobby/-/tinyglobby-0.2.17.tgz#562a9a6c9eb2b3b123d39719f9af5bb44fcd7631"
  integrity sha512-wXR/dYpcqKmfWpEdZjiKJOwCNFndD0DMnrW/cYjVGttEkBfVgcLFHoNrlj47mjOVic9yyNu65alsgF4NQyTa2g==
  dependencies:
    fdir "^6.5.0"
    picomatch "^4.0.4"

vscode-languageserver-textdocument@^1.0.12:
  version "1.0.12"
  resolved "https://registry.yarnpkg.com/vscode-languageserver-textdocument/-/vscode-languageserver-textdocument-1.0.12.tgz#457ee04271ab38998a093c68c2342f53f6e4a631"
  integrity sha512-cxWNPesCnQCcMPeenjKKsOCKQZ/L6Tv19DTRIGuLWe32lyzWhihGVJ/rcckZXJxfdKCFvRLS3fpBIsV/ZGX4zA==

vscode-uri@^3.1.0:
  version "3.1.0"
  resolved "https://registry.yarnpkg.com/vscode-uri/-/vscode-uri-3.1.0.tgz#dd09ec5a66a38b5c3fffc774015713496d14e09c"
  integrity sha512-/BpdSx+yCQGnCvecbyXdxHDkuk55/G3xwnC0GqY4gmQ3j+A+g8kzzgB4Nk/SINjqn6+waqw3EgbVF2QKExkRxQ==

wsl-utils@^0.1.0:
  version "0.1.0"
  resolved "https://registry.yarnpkg.com/wsl-utils/-/wsl-utils-0.1.0.tgz#8783d4df671d4d50365be2ee4c71917a0557baab"
  integrity sha512-h3Fbisa2nKGPxCpm89Hk33lBLsnaGBvctQopaBSOW/uIs6FTe1ATyAnKFJrzVs9vpGdsTe73WF3V4lIsk4Gacw==
  dependencies:
    is-wsl "^3.1.0"

xdg-basedir@^5.1.0:
  version "5.1.0"
  resolved "https://registry.yarnpkg.com/xdg-basedir/-/xdg-basedir-5.1.0.tgz#1efba19425e73be1bc6f2a6ceb52a3d2c884c0c9"
  integrity sha512-GCPAHLvrIH13+c0SuacwvRYj2SxJXQ4kaVTT5xgL3kPrz56XxkF21IGhjSE1+W0aw7gpBWRGXLCPnPby6lSpmQ==

yaml@^2.9.0:
  version "2.9.0"
  resolved "https://registry.yarnpkg.com/yaml/-/yaml-2.9.0.tgz#78274afd93598a1dfdd6130df6a566defcbf9aa4"
  integrity sha512-2AvhNX3mb8zd6Zy7INTtSpl1F15HW6Wnqj0srWlkKLcpYl/gMIMJiyuGq2KeI2YFxUPjdlB+3Lc10seMLtL4cA==

zenn-cli@^0.5.2:
  version "0.5.2"
  resolved "https://registry.yarnpkg.com/zenn-cli/-/zenn-cli-0.5.2.tgz#ee4ddc23b0ff35b952992d233d9e8321e85957d7"
  integrity sha512-HwZDjkZ8b2BExSwJKE4ERqm3e6+W9J8yNGHbOdKAmUWz4+Z9akGTijFFdK2QsPHp3E1acaGmKvE1jE5MZkLO0A==
  dependencies:
    open "^10.2.0"
    package-manager-detector "^1.6.0"
