# THIS IS AN AUTOGENERATED FILE. DO NOT EDIT THIS FILE DIRECTLY.
# yarn lockfile v1


prettier@^3.2.4:
  version "3.2.4"
  resolved "https://registry.yarnpkg.com/prettier/-/prettier-3.2.4.tgz#4723cadeac2ce7c9227de758e5ff9b14e075f283"
  integrity sha512-FWu1oLHKCrtpO1ypU6J0SbK2d9Ckwysq6bHj/uaCP26DxrPpppCLQRGVuqAxSTvhF00AcvDRyYrLNW7ocBhFFQ==

zenn-cli@^0.1.152:
  version "0.1.152"
  resolved "https://registry.yarnpkg.com/zenn-cli/-/zenn-cli-0.1.152.tgz#4bcf121edf5c5fdb468253f1f167989a3ab02a2a"
  integrity sha512-8omvsPJvpfE2KU/JxTuqn1o1TaF7xFozT8c9iyJKHZWDUsKDo2JVcQFH0Fxf+XSInPhmB+G+off4B6ugxjiqzg==
