# THIS IS AN AUTOGENERATED FILE. DO NOT EDIT THIS FILE DIRECTLY.
# yarn lockfile v1


"@cspell/cspell-bundled-dicts@8.15.1":
  version "8.15.1"
  resolved "https://registry.yarnpkg.com/@cspell/cspell-bundled-dicts/-/cspell-bundled-dicts-8.15.1.tgz#79ff7f8d231e87195d50b5432aca1126a733f301"
  integrity sha512-BimBlwdY4gD1cnx8nAaCPLY+yHpAgTuB25rQmpCLMSslQJBFkynRtOmtYQR+Mh4hX9nLaA3oPO4uVKOHVhQ00Q==
  dependencies:
    "@cspell/dict-ada" "^4.0.2"
    "@cspell/dict-aws" "^4.0.4"
    "@cspell/dict-bash" "^4.1.5"
    "@cspell/dict-companies" "^3.1.4"
    "@cspell/dict-cpp" "^5.1.19"
    "@cspell/dict-cryptocurrencies" "^5.0.0"
    "@cspell/dict-csharp" "^4.0.2"
    "@cspell/dict-css" "^4.0.13"
    "@cspell/dict-dart" "^2.2.1"
    "@cspell/dict-django" "^4.1.0"
    "@cspell/dict-docker" "^1.1.7"
    "@cspell/dict-dotnet" "^5.0.5"
    "@cspell/dict-elixir" "^4.0.3"
    "@cspell/dict-en-common-misspellings" "^2.0.4"
    "@cspell/dict-en-gb" "1.1.33"
    "@cspell/dict-en_us" "^4.3.23"
    "@cspell/dict-filetypes" "^3.0.4"
    "@cspell/dict-flutter" "^1.0.0"
    "@cspell/dict-fonts" "^4.0.0"
    "@cspell/dict-fsharp" "^1.0.1"
    "@cspell/dict-fullstack" "^3.2.0"
    "@cspell/dict-gaming-terms" "^1.0.5"
    "@cspell/dict-git" "^3.0.0"
    "@cspell/dict-golang" "^6.0.13"
    "@cspell/dict-google" "^1.0.1"
    "@cspell/dict-haskell" "^4.0.1"
    "@cspell/dict-html" "^4.0.6"
    "@cspell/dict-html-symbol-entities" "^4.0.0"
    "@cspell/dict-java" "^5.0.7"
    "@cspell/dict-julia" "^1.0.1"
    "@cspell/dict-k8s" "^1.0.6"
    "@cspell/dict-latex" "^4.0.0"
    "@cspell/dict-lorem-ipsum" "^4.0.0"
    "@cspell/dict-lua" "^4.0.3"
    "@cspell/dict-makefile" "^1.0.0"
    "@cspell/dict-monkeyc" "^1.0.6"
    "@cspell/dict-node" "^5.0.1"
    "@cspell/dict-npm" "^5.1.5"
    "@cspell/dict-php" "^4.0.10"
    "@cspell/dict-powershell" "^5.0.10"
    "@cspell/dict-public-licenses" "^2.0.8"
    "@cspell/dict-python" "^4.2.8"
    "@cspell/dict-r" "^2.0.1"
    "@cspell/dict-ruby" "^5.0.4"
    "@cspell/dict-rust" "^4.0.6"
    "@cspell/dict-scala" "^5.0.3"
    "@cspell/dict-software-terms" "^4.1.7"
    "@cspell/dict-sql" "^2.1.5"
    "@cspell/dict-svelte" "^1.0.2"
    "@cspell/dict-swift" "^2.0.1"
    "@cspell/dict-terraform" "^1.0.2"
    "@cspell/dict-typescript" "^3.1.6"
    "@cspell/dict-vue" "^3.0.0"

"@cspell/cspell-json-reporter@8.15.1":
  version "8.15.1"
  resolved "https://registry.yarnpkg.com/@cspell/cspell-json-reporter/-/cspell-json-reporter-8.15.1.tgz#e7d2ff6a41b6af9b56bfee9c53f958cfd8bdf7c4"
  integrity sha512-mU4eWHYjGGdhmLd4oGz4kEry2udUl3thzz3clLiutijPrmNU/5sS5C6tiKBZCytWhhCkTwA5eDM3rr7cIt4DYQ==
  dependencies:
    "@cspell/cspell-types" "8.15.1"

"@cspell/cspell-pipe@8.15.1":
  version "8.15.1"
  resolved "https://registry.yarnpkg.com/@cspell/cspell-pipe/-/cspell-pipe-8.15.1.tgz#fa7b86f42420c24a4f39ed11294e74bba66b33c9"
  integrity sha512-euErNW69K6+rCirGtORbgapcNtvlObTlO7SHftRRjGbvMh1F5J1rEc+KwW3qhM5H73NSwFrQwR5KzWrUrGimog==

"@cspell/cspell-resolver@8.15.1":
  version "8.15.1"
  resolved "https://registry.yarnpkg.com/@cspell/cspell-resolver/-/cspell-resolver-8.15.1.tgz#c83e2b489d74ddf277032af28924f0a00772a773"
  integrity sha512-9GVRSZKLc7P4S1aOzBiyXbtVMu3yeDHpp/sAeKd7Z869T2ddvMrmQoOTRBmKW90PNP2j4aQkPebPJe85GnOf+A==
  dependencies:
    global-directory "^4.0.1"

"@cspell/cspell-service-bus@8.15.1":
  version "8.15.1"
  resolved "https://registry.yarnpkg.com/@cspell/cspell-service-bus/-/cspell-service-bus-8.15.1.tgz#517d1dd5c41939533ab2d5bd9b637c04b6912d27"
  integrity sha512-SFnJNw0BOagdx29soC8tiDNObENLU2FFhfT7JHbILHbJ5IdtsRLAxYIf99rDb1zLB3pdA/optqPwPUdAgMIQLg==

"@cspell/cspell-types@8.15.1":
  version "8.15.1"
  resolved "https://registry.yarnpkg.com/@cspell/cspell-types/-/cspell-types-8.15.1.tgz#44a49b269cb04ae04f3d72806ea52c928e7d8d12"
  integrity sha512-6QY0147RmiXIpTMkwI7a6dx+/CtPserPxxsK2p0DFf4bTHOGExx3dlPg7eGL8UFO0/C/nrXPAMy5kZEstPclXA==

"@cspell/dict-ada@^4.0.2":
  version "4.0.2"
  resolved "https://registry.yarnpkg.com/@cspell/dict-ada/-/dict-ada-4.0.2.tgz#8da2216660aeb831a0d9055399a364a01db5805a"
  integrity sha512-0kENOWQeHjUlfyId/aCM/mKXtkEgV0Zu2RhUXCBr4hHo9F9vph+Uu8Ww2b0i5a4ZixoIkudGA+eJvyxrG1jUpA==

"@cspell/dict-aws@^4.0.4":
  version "4.0.7"
  resolved "https://registry.yarnpkg.com/@cspell/dict-aws/-/dict-aws-4.0.7.tgz#f96f3b70cd52a25b895eb08e297de5a5cc3fc5b6"
  integrity sha512-PoaPpa2NXtSkhGIMIKhsJUXB6UbtTt6Ao3x9JdU9kn7fRZkwD4RjHDGqulucIOz7KeEX/dNRafap6oK9xHe4RA==

"@cspell/dict-bash@^4.1.5":
  version "4.1.8"
  resolved "https://registry.yarnpkg.com/@cspell/dict-bash/-/dict-bash-4.1.8.tgz#26dc898e06eddea069cf1ad475ee0e867c89e632"
  integrity sha512-I2CM2pTNthQwW069lKcrVxchJGMVQBzru2ygsHCwgidXRnJL/NTjAPOFTxN58Jc1bf7THWghfEDyKX/oyfc0yg==

"@cspell/dict-companies@^3.1.4":
  version "3.1.4"
  resolved "https://registry.yarnpkg.com/@cspell/dict-companies/-/dict-companies-3.1.4.tgz#2e7094416432b8547ec335683f5aac9a49dce47e"
  integrity sha512-y9e0amzEK36EiiKx3VAA+SHQJPpf2Qv5cCt5eTUSggpTkiFkCh6gRKQ97rVlrKh5GJrqinDwYIJtTsxuh2vy2Q==

"@cspell/dict-cpp@^5.1.19":
  version "5.1.22"
  resolved "https://registry.yarnpkg.com/@cspell/dict-cpp/-/dict-cpp-5.1.22.tgz#ee14d2b193c0a25dc58c609979f1500cd2f6e870"
  integrity sha512-g1/8P5/Q+xnIc8Js4UtBg3XOhcFrFlFbG3UWVtyEx49YTf0r9eyDtDt1qMMDBZT91pyCwLcAEbwS+4i5PIfNZw==

"@cspell/dict-cryptocurrencies@^5.0.0":
  version "5.0.0"
  resolved "https://registry.yarnpkg.com/@cspell/dict-cryptocurrencies/-/dict-cryptocurrencies-5.0.0.tgz#19fbc7bdbec76ce64daf7d53a6d0f3cfff7d0038"
  integrity sha512-Z4ARIw5+bvmShL+4ZrhDzGhnc9znaAGHOEMaB/GURdS/jdoreEDY34wdN0NtdLHDO5KO7GduZnZyqGdRoiSmYA==

"@cspell/dict-csharp@^4.0.2":
  version "4.0.2"
  resolved "https://registry.yarnpkg.com/@cspell/dict-csharp/-/dict-csharp-4.0.2.tgz#e55659dbe594e744d86b1baf0f3397fe57b1e283"
  integrity sha512-1JMofhLK+4p4KairF75D3A924m5ERMgd1GvzhwK2geuYgd2ZKuGW72gvXpIV7aGf52E3Uu1kDXxxGAiZ5uVG7g==

"@cspell/dict-css@^4.0.13":
  version "4.0.13"
  resolved "https://registry.yarnpkg.com/@cspell/dict-css/-/dict-css-4.0.13.tgz#b95310ba67694d25bcb055786dde65e091621d14"
  integrity sha512-WfOQkqlAJTo8eIQeztaH0N0P+iF5hsJVKFuhy4jmARPISy8Efcv8QXk2/IVbmjJH0/ZV7dKRdnY5JFVXuVz37g==

"@cspell/dict-dart@^2.2.1":
  version "2.2.4"
  resolved "https://registry.yarnpkg.com/@cspell/dict-dart/-/dict-dart-2.2.4.tgz#8b877161ccdc65cead912b742b71aa55099c1706"
  integrity sha512-of/cVuUIZZK/+iqefGln8G3bVpfyN6ZtH+LyLkHMoR5tEj+2vtilGNk9ngwyR8L4lEqbKuzSkOxgfVjsXf5PsQ==

"@cspell/dict-data-science@^2.0.5":
  version "2.0.5"
  resolved "https://registry.yarnpkg.com/@cspell/dict-data-science/-/dict-data-science-2.0.5.tgz#816e9b394c2a423d14cdc9a5de5d6fc6141d3900"
  integrity sha512-nNSILXmhSJox9/QoXICPQgm8q5PbiSQP4afpbkBqPi/u/b3K9MbNH5HvOOa6230gxcGdbZ9Argl2hY/U8siBlg==

"@cspell/dict-django@^4.1.0":
  version "4.1.0"
  resolved "https://registry.yarnpkg.com/@cspell/dict-django/-/dict-django-4.1.0.tgz#2d4b765daf3c83e733ef3e06887ea34403a4de7a"
  integrity sha512-bKJ4gPyrf+1c78Z0Oc4trEB9MuhcB+Yg+uTTWsvhY6O2ncFYbB/LbEZfqhfmmuK/XJJixXfI1laF2zicyf+l0w==

"@cspell/dict-docker@^1.1.7":
  version "1.1.7"
  resolved "https://registry.yarnpkg.com/@cspell/dict-docker/-/dict-docker-1.1.7.tgz#bcf933283fbdfef19c71a642e7e8c38baf9014f2"
  integrity sha512-XlXHAr822euV36GGsl2J1CkBIVg3fZ6879ZOg5dxTIssuhUOCiV2BuzKZmt6aIFmcdPmR14+9i9Xq+3zuxeX0A==

"@cspell/dict-dotnet@^5.0.5":
  version "5.0.8"
  resolved "https://registry.yarnpkg.com/@cspell/dict-dotnet/-/dict-dotnet-5.0.8.tgz#8a110ca302946025e0273a9940079483ec33a88a"
  integrity sha512-MD8CmMgMEdJAIPl2Py3iqrx3B708MbCIXAuOeZ0Mzzb8YmLmiisY7QEYSZPg08D7xuwARycP0Ki+bb0GAkFSqg==

"@cspell/dict-elixir@^4.0.3":
  version "4.0.3"
  resolved "https://registry.yarnpkg.com/@cspell/dict-elixir/-/dict-elixir-4.0.3.tgz#57c25843e46cf3463f97da72d9ef8e37c818296f"
  integrity sha512-g+uKLWvOp9IEZvrIvBPTr/oaO6619uH/wyqypqvwpmnmpjcfi8+/hqZH8YNKt15oviK8k4CkINIqNhyndG9d9Q==

"@cspell/dict-en-common-misspellings@^2.0.4":
  version "2.0.4"
  resolved "https://registry.yarnpkg.com/@cspell/dict-en-common-misspellings/-/dict-en-common-misspellings-2.0.4.tgz#725c5b2c83faff71fcd2183dd04a154c78eed674"
  integrity sha512-lvOiRjV/FG4pAGZL3PN2GCVHSTCE92cwhfLGGkOsQtxSmef6WCHfHwp9auafkBlX0yFQSKDfq6/TlpQbjbJBtQ==

"@cspell/dict-en-gb@1.1.33":
  version "1.1.33"
  resolved "https://registry.yarnpkg.com/@cspell/dict-en-gb/-/dict-en-gb-1.1.33.tgz#7f1fd90fc364a5cb77111b5438fc9fcf9cc6da0e"
  integrity sha512-tKSSUf9BJEV+GJQAYGw5e+ouhEe2ZXE620S7BLKe3ZmpnjlNG9JqlnaBhkIMxKnNFkLY2BP/EARzw31AZnOv4g==

"@cspell/dict-en_us@^4.3.23":
  version "4.3.23"
  resolved "https://registry.yarnpkg.com/@cspell/dict-en_us/-/dict-en_us-4.3.23.tgz#3362b75a5051405816728ea1bb5ce997582ed383"
  integrity sha512-l0SoEQBsi3zDSl3OuL4/apBkxjuj4hLIg/oy6+gZ7LWh03rKdF6VNtSZNXWAmMY+pmb1cGA3ouleTiJIglbsIg==

"@cspell/dict-filetypes@^3.0.4":
  version "3.0.4"
  resolved "https://registry.yarnpkg.com/@cspell/dict-filetypes/-/dict-filetypes-3.0.4.tgz#aca71c7bb8c8805b54f382d98ded5ec75ebc1e36"
  integrity sha512-IBi8eIVdykoGgIv5wQhOURi5lmCNJq0we6DvqKoPQJHthXbgsuO1qrHSiUVydMiQl/XvcnUWTMeAlVUlUClnVg==

"@cspell/dict-flutter@^1.0.0":
  version "1.0.3"
  resolved "https://registry.yarnpkg.com/@cspell/dict-flutter/-/dict-flutter-1.0.3.tgz#23e552209ab2238733d30ca3f2a141359756af51"
  integrity sha512-52C9aUEU22ptpgYh6gQyIdA4MP6NPwzbEqndfgPh3Sra191/kgs7CVqXiO1qbtZa9gnYHUoVApkoxRE7mrXHfg==

"@cspell/dict-fonts@^4.0.0":
  version "4.0.0"
  resolved "https://registry.yarnpkg.com/@cspell/dict-fonts/-/dict-fonts-4.0.0.tgz#9bc8beb2a7b068b4fdb45cb994b36fd184316327"
  integrity sha512-t9V4GeN/m517UZn63kZPUYP3OQg5f0OBLSd3Md5CU3eH1IFogSvTzHHnz4Wqqbv8NNRiBZ3HfdY/pqREZ6br3Q==

"@cspell/dict-fsharp@^1.0.1":
  version "1.0.1"
  resolved "https://registry.yarnpkg.com/@cspell/dict-fsharp/-/dict-fsharp-1.0.1.tgz#d62c699550a39174f182f23c8c1330a795ab5f53"
  integrity sha512-23xyPcD+j+NnqOjRHgW3IU7Li912SX9wmeefcY0QxukbAxJ/vAN4rBpjSwwYZeQPAn3fxdfdNZs03fg+UM+4yQ==

"@cspell/dict-fullstack@^3.2.0":
  version "3.2.0"
  resolved "https://registry.yarnpkg.com/@cspell/dict-fullstack/-/dict-fullstack-3.2.0.tgz#16dd2bd3f03166c8f48600ef032ae1ce184c7b8e"
  integrity sha512-sIGQwU6G3rLTo+nx0GKyirR5dQSFeTIzFTOrURw51ISf+jKG9a3OmvsVtc2OANfvEAOLOC9Wfd8WYhmsO8KRDQ==

"@cspell/dict-gaming-terms@^1.0.5":
  version "1.0.5"
  resolved "https://registry.yarnpkg.com/@cspell/dict-gaming-terms/-/dict-gaming-terms-1.0.5.tgz#d6ca40eb34a4c99847fd58a7354cd2c651065156"
  integrity sha512-C3riccZDD3d9caJQQs1+MPfrUrQ+0KHdlj9iUR1QD92FgTOF6UxoBpvHUUZ9YSezslcmpFQK4xQQ5FUGS7uWfw==

"@cspell/dict-git@^3.0.0":
  version "3.0.0"
  resolved "https://registry.yarnpkg.com/@cspell/dict-git/-/dict-git-3.0.0.tgz#c275af86041a2b59a7facce37525e2af05653b95"
  integrity sha512-simGS/lIiXbEaqJu9E2VPoYW1OTC2xrwPPXNXFMa2uo/50av56qOuaxDrZ5eH1LidFXwoc8HROCHYeKoNrDLSw==

"@cspell/dict-golang@^6.0.13":
  version "6.0.16"
  resolved "https://registry.yarnpkg.com/@cspell/dict-golang/-/dict-golang-6.0.16.tgz#b247a801404f9a65e7c8674893bdb5aad42353a2"
  integrity sha512-hZOBlgcguv2Hdc93n2zjdAQm1j3grsN9T9WhPnQ1wh2vUDoCLEujg+6gWhjcLb8ECOcwZTWgNyQLWeOxEsAj/w==

"@cspell/dict-google@^1.0.1":
  version "1.0.1"
  resolved "https://registry.yarnpkg.com/@cspell/dict-google/-/dict-google-1.0.1.tgz#34701471a616011aeaaf480d4834436b6b6b1da5"
  integrity sha512-dQr4M3n95uOhtloNSgB9tYYGXGGEGEykkFyRtfcp5pFuEecYUa0BSgtlGKx9RXVtJtKgR+yFT/a5uQSlt8WjqQ==

"@cspell/dict-haskell@^4.0.1":
  version "4.0.1"
  resolved "https://registry.yarnpkg.com/@cspell/dict-haskell/-/dict-haskell-4.0.1.tgz#e9fca7c452411ff11926e23ffed2b50bb9b95e47"
  integrity sha512-uRrl65mGrOmwT7NxspB4xKXFUenNC7IikmpRZW8Uzqbqcu7ZRCUfstuVH7T1rmjRgRkjcIjE4PC11luDou4wEQ==

"@cspell/dict-html-symbol-entities@^4.0.0":
  version "4.0.0"
  resolved "https://registry.yarnpkg.com/@cspell/dict-html-symbol-entities/-/dict-html-symbol-entities-4.0.0.tgz#4d86ac18a4a11fdb61dfb6f5929acd768a52564f"
  integrity sha512-HGRu+48ErJjoweR5IbcixxETRewrBb0uxQBd6xFGcxbEYCX8CnQFTAmKI5xNaIt2PKaZiJH3ijodGSqbKdsxhw==

"@cspell/dict-html@^4.0.6":
  version "4.0.9"
  resolved "https://registry.yarnpkg.com/@cspell/dict-html/-/dict-html-4.0.9.tgz#b400a777e347e9437105f088d48f44eb268a5a9f"
  integrity sha512-BNp7w3m910K4qIVyOBOZxHuFNbVojUY6ES8Y8r7YjYgJkm2lCuQoVwwhPjurnomJ7BPmZTb+3LLJ58XIkgF7JQ==

"@cspell/dict-java@^5.0.7":
  version "5.0.7"
  resolved "https://registry.yarnpkg.com/@cspell/dict-java/-/dict-java-5.0.7.tgz#c0b32d3c208b6419a5eddd010e87196976be2694"
  integrity sha512-ejQ9iJXYIq7R09BScU2y5OUGrSqwcD+J5mHFOKbduuQ5s/Eh/duz45KOzykeMLI6KHPVxhBKpUPBWIsfewECpQ==

"@cspell/dict-julia@^1.0.1":
  version "1.0.1"
  resolved "https://registry.yarnpkg.com/@cspell/dict-julia/-/dict-julia-1.0.1.tgz#900001417f1c4ea689530adfcc034c848458a0aa"
  integrity sha512-4JsCLCRhhLMLiaHpmR7zHFjj1qOauzDI5ZzCNQS31TUMfsOo26jAKDfo0jljFAKgw5M2fEG7sKr8IlPpQAYrmQ==

"@cspell/dict-k8s@^1.0.6":
  version "1.0.6"
  resolved "https://registry.yarnpkg.com/@cspell/dict-k8s/-/dict-k8s-1.0.6.tgz#d46c97136f1504b65dfb6a188005d4ac81d3f461"
  integrity sha512-srhVDtwrd799uxMpsPOQqeDJY+gEocgZpoK06EFrb4GRYGhv7lXo9Fb+xQMyQytzOW9dw4DNOEck++nacDuymg==

"@cspell/dict-latex@^4.0.0":
  version "4.0.0"
  resolved "https://registry.yarnpkg.com/@cspell/dict-latex/-/dict-latex-4.0.0.tgz#85054903db834ea867174795d162e2a8f0e9c51e"
  integrity sha512-LPY4y6D5oI7D3d+5JMJHK/wxYTQa2lJMSNxps2JtuF8hbAnBQb3igoWEjEbIbRRH1XBM0X8dQqemnjQNCiAtxQ==

"@cspell/dict-lorem-ipsum@^4.0.0":
  version "4.0.0"
  resolved "https://registry.yarnpkg.com/@cspell/dict-lorem-ipsum/-/dict-lorem-ipsum-4.0.0.tgz#2793a5dbfde474a546b0caecc40c38fdf076306e"
  integrity sha512-1l3yjfNvMzZPibW8A7mQU4kTozwVZVw0AvFEdy+NcqtbxH+TvbSkNMqROOFWrkD2PjnKG0+Ea0tHI2Pi6Gchnw==

"@cspell/dict-lua@^4.0.3":
  version "4.0.3"
  resolved "https://registry.yarnpkg.com/@cspell/dict-lua/-/dict-lua-4.0.3.tgz#2d23c8f7e74b4e62000678d80e7d1ebb10b003e0"
  integrity sha512-lDHKjsrrbqPaea13+G9s0rtXjMO06gPXPYRjRYawbNmo4E/e3XFfVzeci3OQDQNDmf2cPOwt9Ef5lu2lDmwfJg==

"@cspell/dict-makefile@^1.0.0":
  version "1.0.0"
  resolved "https://registry.yarnpkg.com/@cspell/dict-makefile/-/dict-makefile-1.0.0.tgz#5afb2910873ebbc01ab8d9c38661c4c93d0e5a40"
  integrity sha512-3W9tHPcSbJa6s0bcqWo6VisEDTSN5zOtDbnPabF7rbyjRpNo0uHXHRJQF8gAbFzoTzBBhgkTmrfSiuyQm7vBUQ==

"@cspell/dict-monkeyc@^1.0.6":
  version "1.0.6"
  resolved "https://registry.yarnpkg.com/@cspell/dict-monkeyc/-/dict-monkeyc-1.0.6.tgz#042d042fc34a20194c8de032130808f44b241375"
  integrity sha512-oO8ZDu/FtZ55aq9Mb67HtaCnsLn59xvhO/t2mLLTHAp667hJFxpp7bCtr2zOrR1NELzFXmKln/2lw/PvxMSvrA==

"@cspell/dict-node@^5.0.1":
  version "5.0.1"
  resolved "https://registry.yarnpkg.com/@cspell/dict-node/-/dict-node-5.0.1.tgz#77e17c576a897a3391fce01c1cc5da60bb4c2268"
  integrity sha512-lax/jGz9h3Dv83v8LHa5G0bf6wm8YVRMzbjJPG/9rp7cAGPtdrga+XANFq+B7bY5+jiSA3zvj10LUFCFjnnCCg==

"@cspell/dict-npm@^5.1.5":
  version "5.1.8"
  resolved "https://registry.yarnpkg.com/@cspell/dict-npm/-/dict-npm-5.1.8.tgz#d179e555d351aecd4c7e5a87756f3b1192701ee8"
  integrity sha512-AJELYXeB4fQdIoNfmuaQxB1Hli3cX6XPsQCjfBxlu0QYXhrjB/IrCLLQAjWIywDqJiWyGUFTz4DqaANm8C/r9Q==

"@cspell/dict-php@^4.0.10":
  version "4.0.13"
  resolved "https://registry.yarnpkg.com/@cspell/dict-php/-/dict-php-4.0.13.tgz#86f1e6fb2174b2b0fa012baf86c448b2730f04f9"
  integrity sha512-P6sREMZkhElzz/HhXAjahnICYIqB/HSGp1EhZh+Y6IhvC15AzgtDP8B8VYCIsQof6rPF1SQrFwunxOv8H1e2eg==

"@cspell/dict-powershell@^5.0.10":
  version "5.0.13"
  resolved "https://registry.yarnpkg.com/@cspell/dict-powershell/-/dict-powershell-5.0.13.tgz#f557aa04ee9bda4fe091308a0bcaea09ed12fa76"
  integrity sha512-0qdj0XZIPmb77nRTynKidRJKTU0Fl+10jyLbAhFTuBWKMypVY06EaYFnwhsgsws/7nNX8MTEQuewbl9bWFAbsg==

"@cspell/dict-public-licenses@^2.0.8":
  version "2.0.11"
  resolved "https://registry.yarnpkg.com/@cspell/dict-public-licenses/-/dict-public-licenses-2.0.11.tgz#37550c4e0cd445991caba528bf4ba58ce7a935c3"
  integrity sha512-rR5KjRUSnVKdfs5G+gJ4oIvQvm8+NJ6cHWY2N+GE69/FSGWDOPHxulCzeGnQU/c6WWZMSimG9o49i9r//lUQyA==

"@cspell/dict-python@^4.2.8":
  version "4.2.11"
  resolved "https://registry.yarnpkg.com/@cspell/dict-python/-/dict-python-4.2.11.tgz#e95131bde069b955604cbe5826967705cb001c2b"
  integrity sha512-bshNZqP5FYRO0CtZ9GgtVjHidrSuRRF537MU/sPew8oaqWPg066F9KQfPllbRi9AzFqqeS2l7/ACYUrFMe21gw==
  dependencies:
    "@cspell/dict-data-science" "^2.0.5"

"@cspell/dict-r@^2.0.1":
  version "2.0.1"
  resolved "https://registry.yarnpkg.com/@cspell/dict-r/-/dict-r-2.0.1.tgz#73474fb7cce45deb9094ebf61083fbf5913f440a"
  integrity sha512-KCmKaeYMLm2Ip79mlYPc8p+B2uzwBp4KMkzeLd5E6jUlCL93Y5Nvq68wV5fRLDRTf7N1LvofkVFWfDcednFOgA==

"@cspell/dict-ruby@^5.0.4":
  version "5.0.7"
  resolved "https://registry.yarnpkg.com/@cspell/dict-ruby/-/dict-ruby-5.0.7.tgz#3593a955baaffe3c5d28fb178b72fdf93c7eec71"
  integrity sha512-4/d0hcoPzi5Alk0FmcyqlzFW9lQnZh9j07MJzPcyVO62nYJJAGKaPZL2o4qHeCS/od/ctJC5AHRdoUm0ktsw6Q==

"@cspell/dict-rust@^4.0.6":
  version "4.0.9"
  resolved "https://registry.yarnpkg.com/@cspell/dict-rust/-/dict-rust-4.0.9.tgz#8af5e405f3280afffe41f212da3ae0e777243842"
  integrity sha512-Dhr6TIZsMV92xcikKIWei6p/qswS4M+gTkivpWwz4/1oaVk2nRrxJmCdRoVkJlZkkAc17rjxrS12mpnJZI0iWw==

"@cspell/dict-scala@^5.0.3":
  version "5.0.3"
  resolved "https://registry.yarnpkg.com/@cspell/dict-scala/-/dict-scala-5.0.3.tgz#85a469b2d139766b6307befc89243928e3d82b39"
  integrity sha512-4yGb4AInT99rqprxVNT9TYb1YSpq58Owzq7zi3ZS5T0u899Y4VsxsBiOgHnQ/4W+ygi+sp+oqef8w8nABR2lkg==

"@cspell/dict-software-terms@^4.1.7":
  version "4.1.10"
  resolved "https://registry.yarnpkg.com/@cspell/dict-software-terms/-/dict-software-terms-4.1.10.tgz#35e47cbe5787d2b4f550116c5d8d084ad1ec7bd3"
  integrity sha512-+9PuQ9MHQhlET6Hv1mGcWDh6Rb+StzjBMrjfksDeBHBIVdT66u9uCkaZapIzfgktflY4m9oK7+dEynr+BAxvtQ==

"@cspell/dict-sql@^2.1.5":
  version "2.1.5"
  resolved "https://registry.yarnpkg.com/@cspell/dict-sql/-/dict-sql-2.1.5.tgz#068c7a8840d75418fd46a0b062c0ed2d5742f2b8"
  integrity sha512-FmxanytHXss7GAWAXmgaxl3icTCW7YxlimyOSPNfm+njqeUDjw3kEv4mFNDDObBJv8Ec5AWCbUDkWIpkE3IpKg==

"@cspell/dict-svelte@^1.0.2":
  version "1.0.2"
  resolved "https://registry.yarnpkg.com/@cspell/dict-svelte/-/dict-svelte-1.0.2.tgz#0c866b08a7a6b33bbc1a3bdbe6a1b484ca15cdaa"
  integrity sha512-rPJmnn/GsDs0btNvrRBciOhngKV98yZ9SHmg8qI6HLS8hZKvcXc0LMsf9LLuMK1TmS2+WQFAan6qeqg6bBxL2Q==

"@cspell/dict-swift@^2.0.1":
  version "2.0.1"
  resolved "https://registry.yarnpkg.com/@cspell/dict-swift/-/dict-swift-2.0.1.tgz#06ec86e52e9630c441d3c19605657457e33d7bb6"
  integrity sha512-gxrCMUOndOk7xZFmXNtkCEeroZRnS2VbeaIPiymGRHj5H+qfTAzAKxtv7jJbVA3YYvEzWcVE2oKDP4wcbhIERw==

"@cspell/dict-terraform@^1.0.2":
  version "1.0.5"
  resolved "https://registry.yarnpkg.com/@cspell/dict-terraform/-/dict-terraform-1.0.5.tgz#14c427ae47d2f78b4acd6fe9ed12bcae53aec441"
  integrity sha512-qH3epPB2d6d5w1l4hR2OsnN8qDQ4P0z6oDB7+YiNH+BoECXv4Z38MIV1H8cxIzD2wkzkt2JTcFYaVW72MDZAlg==

"@cspell/dict-typescript@^3.1.6":
  version "3.1.6"
  resolved "https://registry.yarnpkg.com/@cspell/dict-typescript/-/dict-typescript-3.1.6.tgz#2d5351786787bf3609da65ba17d9bc345995a36d"
  integrity sha512-1beC6O4P/j23VuxX+i0+F7XqPVc3hhiAzGJHEKqnWf5cWAXQtg0xz3xQJ5MvYx2a7iLaSa+lu7+05vG9UHyu9Q==

"@cspell/dict-vue@^3.0.0":
  version "3.0.0"
  resolved "https://registry.yarnpkg.com/@cspell/dict-vue/-/dict-vue-3.0.0.tgz#68ccb432ad93fcb0fd665352d075ae9a64ea9250"
  integrity sha512-niiEMPWPV9IeRBRzZ0TBZmNnkK3olkOPYxC1Ny2AX4TGlYRajcW0WUtoSHmvvjZNfWLSg2L6ruiBeuPSbjnG6A==

"@cspell/dynamic-import@8.15.1":
  version "8.15.1"
  resolved "https://registry.yarnpkg.com/@cspell/dynamic-import/-/dynamic-import-8.15.1.tgz#39be8c281510cc40018de99ac1543d81f48df52b"
  integrity sha512-Zc7tAn1EBFgPcpws0zoZrMyi0likUb3Kpnpq4FGmssmf4PnhSaDF2suqLlcCTPxCML87lF26UT6qUK01G9gIPA==
  dependencies:
    import-meta-resolve "^4.1.0"

"@cspell/filetypes@8.15.1":
  version "8.15.1"
  resolved "https://registry.yarnpkg.com/@cspell/filetypes/-/filetypes-8.15.1.tgz#242bef47de47e1070089137772421d26ee1ff9d8"
  integrity sha512-SgwTDmy5Omc67ThA89t1+kNZcbwGr43ck0Il+tqSoNOBHbs+S5YftUgfinLFIN2pdRm4COPmAnEN2SEAsMh0UA==

"@cspell/strong-weak-map@8.15.1":
  version "8.15.1"
  resolved "https://registry.yarnpkg.com/@cspell/strong-weak-map/-/strong-weak-map-8.15.1.tgz#d6d3aeb81fc42286c94cc68e2314b903b65d7a80"
  integrity sha512-QmtDb0TBdLBlDqOCrOtqhg9e7k4T4t8akx+1LgNI/jGqj/mQVyYtHCHWVHYNxh7S7DumrlmmsJo62NzIZLqtCQ==

"@cspell/url@8.15.1":
  version "8.15.1"
  resolved "https://registry.yarnpkg.com/@cspell/url/-/url-8.15.1.tgz#999c879182c7ff30fdacf6296a1c833c3998b764"
  integrity sha512-LsLoeLRTrdQY1iLsnOxSta/+YvnT3Jm/Ofohhh6XBSegMl2CoJjzdY8wbfsc3YgdB6SHJ1PSZecftXRhMNIEeg==

array-timsort@^1.0.3:
  version "1.0.3"
  resolved "https://registry.yarnpkg.com/array-timsort/-/array-timsort-1.0.3.tgz#3c9e4199e54fb2b9c3fe5976396a21614ef0d926"
  integrity sha512-/+3GRL7dDAGEfM6TseQk/U+mi18TU2Ms9I3UlLdUMhz2hbvGNTKdj9xniwXfUqgYhHxRx0+8UnKkvlNwVU+cWQ==

braces@^3.0.3:
  version "3.0.3"
  resolved "https://registry.yarnpkg.com/braces/-/braces-3.0.3.tgz#490332f40919452272d55a8480adc0c441358789"
  integrity sha512-yQbXgO/OSZVD2IsiLlro+7Hf6Q18EJrKSEsdoMzKePKXct3gvD8oLcOQdIzGupr5Fj+EDe8gO/lxc1BzfMpxvA==
  dependencies:
    fill-range "^7.1.1"

callsites@^3.0.0, callsites@^3.1.0:
  version "3.1.0"
  resolved "https://registry.yarnpkg.com/callsites/-/callsites-3.1.0.tgz#b3630abd8943432f54b3f0519238e33cd7df2f73"
  integrity sha512-P8BjAsXvZS+VIDUI11hHCQEv74YT67YUi5JJFNWIqL235sBmjX4+qx9Muvls5ivyNENctx46xQLQ3aTuE7ssaQ==

chalk-template@^1.1.0:
  version "1.1.0"
  resolved "https://registry.yarnpkg.com/chalk-template/-/chalk-template-1.1.0.tgz#ffc55db6dd745e9394b85327c8ac8466edb7a7b1"
  integrity sha512-T2VJbcDuZQ0Tb2EWwSotMPJjgpy1/tGee1BTpUNsGZ/qgNjV2t7Mvu+d4600U564nbLesN1x2dPL+xii174Ekg==
  dependencies:
    chalk "^5.2.0"

chalk@^5.2.0, chalk@^5.3.0:
  version "5.3.0"
  resolved "https://registry.yarnpkg.com/chalk/-/chalk-5.3.0.tgz#67c20a7ebef70e7f3970a01f90fa210cb6860385"
  integrity sha512-dLitG79d+GV1Nb/VYcCDFivJeK1hiukt9QjRNVOsUtTy1rR1YJsmpGGTZ3qJos+uw7WmWF4wUwBd9jxjocFC2w==

clear-module@^4.1.2:
  version "4.1.2"
  resolved "https://registry.yarnpkg.com/clear-module/-/clear-module-4.1.2.tgz#5a58a5c9f8dccf363545ad7284cad3c887352a80"
  integrity sha512-LWAxzHqdHsAZlPlEyJ2Poz6AIs384mPeqLVCru2p0BrP9G/kVGuhNyZYClLO6cXlnuJjzC8xtsJIuMjKqLXoAw==
  dependencies:
    parent-module "^2.0.0"
    resolve-from "^5.0.0"

commander@^12.1.0:
  version "12.1.0"
  resolved "https://registry.yarnpkg.com/commander/-/commander-12.1.0.tgz#01423b36f501259fdaac4d0e4d60c96c991585d3"
  integrity sha512-Vw8qHK3bZM9y/P10u3Vib8o/DdkvA2OtPtZvD871QKjy74Wj1WSKFILMPRPSdUSx5RFK1arlJzEtA4PkFgnbuA==

comment-json@^4.2.5:
  version "4.2.5"
  resolved "https://registry.yarnpkg.com/comment-json/-/comment-json-4.2.5.tgz#482e085f759c2704b60bc6f97f55b8c01bc41e70"
  integrity sha512-bKw/r35jR3HGt5PEPm1ljsQQGyCrR8sFGNiN5L+ykDHdpO8Smxkrkla9Yi6NkQyUrb8V54PGhfMs6NrIwtxtdw==
  dependencies:
    array-timsort "^1.0.3"
    core-util-is "^1.0.3"
    esprima "^4.0.1"
    has-own-prop "^2.0.0"
    repeat-string "^1.6.1"

core-util-is@^1.0.3:
  version "1.0.3"
  resolved "https://registry.yarnpkg.com/core-util-is/-/core-util-is-1.0.3.tgz#a6042d3634c2b27e9328f837b965fac83808db85"
  integrity sha512-ZQBvi1DcpJ4GDqanjucZ2Hj3wEO5pZDS89BWbkcrvdxksJorwUDDZamX9ldFkp9aw2lmBDLgkObEA4DWNJ9FYQ==

cspell-config-lib@8.15.1:
  version "8.15.1"
  resolved "https://registry.yarnpkg.com/cspell-config-lib/-/cspell-config-lib-8.15.1.tgz#529fb8dc014bebc331cf17a2eebfec08aa1a232c"
  integrity sha512-hDkaRRsqJbvAKA5ZoUBobozAA8iTcNzgo3mHK+FCVbGGaA2903q8mG3yFBviFioXUHsBBlN7Em/3JQDnasO3qQ==
  dependencies:
    "@cspell/cspell-types" "8.15.1"
    comment-json "^4.2.5"
    yaml "^2.5.1"

cspell-dictionary@8.15.1:
  version "8.15.1"
  resolved "https://registry.yarnpkg.com/cspell-dictionary/-/cspell-dictionary-8.15.1.tgz#79765570d1079f1ac836723163fbb316a8c033dc"
  integrity sha512-N0Wz/hQlRDVuAH2OqlU9Uad++XccwsZuTmdV82HUHGCjmtHUxCiHD51+d2tsLX8ZXur0/eL988RIMPFePYIOww==
  dependencies:
    "@cspell/cspell-pipe" "8.15.1"
    "@cspell/cspell-types" "8.15.1"
    cspell-trie-lib "8.15.1"
    fast-equals "^5.0.1"

cspell-gitignore@8.15.1:
  version "8.15.1"
  resolved "https://registry.yarnpkg.com/cspell-gitignore/-/cspell-gitignore-8.15.1.tgz#e76178ed68a97c36318c9de44faadae153f8b555"
  integrity sha512-RBJnOIXYKk9ZpYx/y8Hcl/jIhdKposid5Em/GUpj65vXPa0N9arpVXCiIObAtu3645NeHd+Z6RrhNLdKhyZprQ==
  dependencies:
    "@cspell/url" "8.15.1"
    cspell-glob "8.15.1"
    cspell-io "8.15.1"
    find-up-simple "^1.0.0"

cspell-glob@8.15.1:
  version "8.15.1"
  resolved "https://registry.yarnpkg.com/cspell-glob/-/cspell-glob-8.15.1.tgz#19936f8260031f6a7a2f659cee86cc2c0a4dcbc4"
  integrity sha512-INKBWUVGg595+F8V8kEEP07OPqQGJs+qp6Q587UwP+yvxMZ4PYA6PudvZEwa5capVxIbSYDNafqtcc2F3MaPbw==
  dependencies:
    "@cspell/url" "8.15.1"
    micromatch "^4.0.8"

cspell-grammar@8.15.1:
  version "8.15.1"
  resolved "https://registry.yarnpkg.com/cspell-grammar/-/cspell-grammar-8.15.1.tgz#4780cbaeee4f5544753dc3d68bcce30f5bc05a43"
  integrity sha512-4sZ3uh3rgrcoBMwXCmq8rDazVYKR2AUAm36t/EU5uiD+Ju1FfoEaxw1DTKtVDGMNNad6JmNmqxOoFdLAqL1sQA==
  dependencies:
    "@cspell/cspell-pipe" "8.15.1"
    "@cspell/cspell-types" "8.15.1"

cspell-io@8.15.1:
  version "8.15.1"
  resolved "https://registry.yarnpkg.com/cspell-io/-/cspell-io-8.15.1.tgz#8724304c49f6c53848fd16db5c49bbc1fffce717"
  integrity sha512-PvzOm4utZuhb97hqlWS1F+ZHbMVbFsUUC0HQcubquLkjV8s/yryuBlgP52gOxNGTZjyEULWk9MYUldRZK3oB8g==
  dependencies:
    "@cspell/cspell-service-bus" "8.15.1"
    "@cspell/url" "8.15.1"

cspell-lib@8.15.1:
  version "8.15.1"
  resolved "https://registry.yarnpkg.com/cspell-lib/-/cspell-lib-8.15.1.tgz#6f405be162077f34afe72bd3d3c689aa8a109659"
  integrity sha512-qwfeok4DKYhNjlXOLDZ1hagKAKIXByfMSizTlwIMmmZVJ+8SL61P+PJG0ggwLteq9fEK+oLwaf/N2bVRH6M28Q==
  dependencies:
    "@cspell/cspell-bundled-dicts" "8.15.1"
    "@cspell/cspell-pipe" "8.15.1"
    "@cspell/cspell-resolver" "8.15.1"
    "@cspell/cspell-types" "8.15.1"
    "@cspell/dynamic-import" "8.15.1"
    "@cspell/filetypes" "8.15.1"
    "@cspell/strong-weak-map" "8.15.1"
    "@cspell/url" "8.15.1"
    clear-module "^4.1.2"
    comment-json "^4.2.5"
    cspell-config-lib "8.15.1"
    cspell-dictionary "8.15.1"
    cspell-glob "8.15.1"
    cspell-grammar "8.15.1"
    cspell-io "8.15.1"
    cspell-trie-lib "8.15.1"
    env-paths "^3.0.0"
    fast-equals "^5.0.1"
    gensequence "^7.0.0"
    import-fresh "^3.3.0"
    resolve-from "^5.0.0"
    vscode-languageserver-textdocument "^1.0.12"
    vscode-uri "^3.0.8"
    xdg-basedir "^5.1.0"

cspell-trie-lib@8.15.1:
  version "8.15.1"
  resolved "https://registry.yarnpkg.com/cspell-trie-lib/-/cspell-trie-lib-8.15.1.tgz#faa2deab40a15785503ef0ea3bf127d33ecd7f85"
  integrity sha512-/m7GYH2ICictHt4cpuXQDMtcLDnfj3Picc/uV87n1JQPiB1lHyu4IawhaZB5nRS5cZgYab4wQKKVD8dLbwWXHQ==
  dependencies:
    "@cspell/cspell-pipe" "8.15.1"
    "@cspell/cspell-types" "8.15.1"
    gensequence "^7.0.0"

cspell@^8.15.1:
  version "8.15.1"
  resolved "https://registry.yarnpkg.com/cspell/-/cspell-8.15.1.tgz#94e20412e1884b087ea5183a470257960bd48b4a"
  integrity sha512-bF2RNErisDg3pfm1tOrq/74g9n09wprg2Im+TNwDSmivusE9LxFoyhEPOiGBVg25/iMSu/BPx5nDNL1WDGwZqA==
  dependencies:
    "@cspell/cspell-json-reporter" "8.15.1"
    "@cspell/cspell-pipe" "8.15.1"
    "@cspell/cspell-types" "8.15.1"
    "@cspell/dynamic-import" "8.15.1"
    "@cspell/url" "8.15.1"
    chalk "^5.3.0"
    chalk-template "^1.1.0"
    commander "^12.1.0"
    cspell-dictionary "8.15.1"
    cspell-gitignore "8.15.1"
    cspell-glob "8.15.1"
    cspell-io "8.15.1"
    cspell-lib "8.15.1"
    fast-json-stable-stringify "^2.1.0"
    file-entry-cache "^9.1.0"
    get-stdin "^9.0.0"
    semver "^7.6.3"
    tinyglobby "^0.2.9"

env-paths@^3.0.0:
  version "3.0.0"
  resolved "https://registry.yarnpkg.com/env-paths/-/env-paths-3.0.0.tgz#2f1e89c2f6dbd3408e1b1711dd82d62e317f58da"
  integrity sha512-dtJUTepzMW3Lm/NPxRf3wP4642UWhjL2sQxc+ym2YMj1m/H2zDNQOlezafzkHwn6sMstjHTwG6iQQsctDW/b1A==

esprima@^4.0.1:
  version "4.0.1"
  resolved "https://registry.yarnpkg.com/esprima/-/esprima-4.0.1.tgz#13b04cdb3e6c5d19df91ab6987a8695619b0aa71"
  integrity sha512-eGuFFw7Upda+g4p+QHvnW0RyTX/SVeJBDM/gCtMARO0cLuT2HcEKnTPvhjV6aGeqrCB/sbNop0Kszm0jsaWU4A==

fast-equals@^5.0.1:
  version "5.0.1"
  resolved "https://registry.yarnpkg.com/fast-equals/-/fast-equals-5.0.1.tgz#a4eefe3c5d1c0d021aeed0bc10ba5e0c12ee405d"
  integrity sha512-WF1Wi8PwwSY7/6Kx0vKXtw8RwuSGoM1bvDaJbu7MxDlR1vovZjIAKrnzyrThgAjm6JDTu0fVgWXDlMGspodfoQ==

fast-json-stable-stringify@^2.1.0:
  version "2.1.0"
  resolved "https://registry.yarnpkg.com/fast-json-stable-stringify/-/fast-json-stable-stringify-2.1.0.tgz#874bf69c6f404c2b5d99c481341399fd55892633"
  integrity sha512-lhd/wF+Lk98HZoTCtlVraHtfh5XYijIjalXck7saUtuanSDyLMxnHhSXEDJqHxD7msR8D0uCmqlkwjCV8xvwHw==

fdir@^6.4.0:
  version "6.4.0"
  resolved "https://registry.yarnpkg.com/fdir/-/fdir-6.4.0.tgz#8e80ab4b18a2ac24beebf9d20d71e1bc2627dbae"
  integrity sha512-3oB133prH1o4j/L5lLW7uOCF1PlD+/It2L0eL/iAqWMB91RBbqTewABqxhj0ibBd90EEmWZq7ntIWzVaWcXTGQ==

file-entry-cache@^9.1.0:
  version "9.1.0"
  resolved "https://registry.yarnpkg.com/file-entry-cache/-/file-entry-cache-9.1.0.tgz#2e66ad98ce93f49aed1b178c57b0b5741591e075"
  integrity sha512-/pqPFG+FdxWQj+/WSuzXSDaNzxgTLr/OrR1QuqfEZzDakpdYE70PwUxL7BPUa8hpjbvY1+qvCl8k+8Tq34xJgg==
  dependencies:
    flat-cache "^5.0.0"

fill-range@^7.1.1:
  version "7.1.1"
  resolved "https://registry.yarnpkg.com/fill-range/-/fill-range-7.1.1.tgz#44265d3cac07e3ea7dc247516380643754a05292"
  integrity sha512-YsGpe3WHLK8ZYi4tWDg2Jy3ebRz2rXowDxnld4bkQB00cc/1Zw9AWnC0i9ztDJitivtQvaI9KaLyKrc+hBW0yg==
  dependencies:
    to-regex-range "^5.0.1"

find-up-simple@^1.0.0:
  version "1.0.0"
  resolved "https://registry.yarnpkg.com/find-up-simple/-/find-up-simple-1.0.0.tgz#21d035fde9fdbd56c8f4d2f63f32fd93a1cfc368"
  integrity sha512-q7Us7kcjj2VMePAa02hDAF6d+MzsdsAWEwYyOpwUtlerRBkOEPBCRZrAV4XfcSN8fHAgaD0hP7miwoay6DCprw==

flat-cache@^5.0.0:
  version "5.0.0"
  resolved "https://registry.yarnpkg.com/flat-cache/-/flat-cache-5.0.0.tgz#26c4da7b0f288b408bb2b506b2cb66c240ddf062"
  integrity sha512-JrqFmyUl2PnPi1OvLyTVHnQvwQ0S+e6lGSwu8OkAZlSaNIZciTY2H/cOOROxsBA1m/LZNHDsqAgDZt6akWcjsQ==
  dependencies:
    flatted "^3.3.1"
    keyv "^4.5.4"

flatted@^3.3.1:
  version "3.3.1"
  resolved "https://registry.yarnpkg.com/flatted/-/flatted-3.3.1.tgz#21db470729a6734d4997002f439cb308987f567a"
  integrity sha512-X8cqMLLie7KsNUDSdzeN8FYK9rEt4Dt67OsG/DNGnYTSDBG4uFAJFBnUeiV+zCVAvwFy56IjM9sH51jVaEhNxw==

gensequence@^7.0.0:
  version "7.0.0"
  resolved "https://registry.yarnpkg.com/gensequence/-/gensequence-7.0.0.tgz#bb6aedec8ff665e3a6c42f92823121e3a6ea7718"
  integrity sha512-47Frx13aZh01afHJTB3zTtKIlFI6vWY+MYCN9Qpew6i52rfKjnhCF/l1YlC8UmEMvvntZZ6z4PiCcmyuedR2aQ==

get-stdin@^9.0.0:
  version "9.0.0"
  resolved "https://registry.yarnpkg.com/get-stdin/-/get-stdin-9.0.0.tgz#3983ff82e03d56f1b2ea0d3e60325f39d703a575"
  integrity sha512-dVKBjfWisLAicarI2Sf+JuBE/DghV4UzNAVe9yhEJuzeREd3JhOTE9cUaJTeSa77fsbQUK3pcOpJfM59+VKZaA==

global-directory@^4.0.1:
  version "4.0.1"
  resolved "https://registry.yarnpkg.com/global-directory/-/global-directory-4.0.1.tgz#4d7ac7cfd2cb73f304c53b8810891748df5e361e"
  integrity sha512-wHTUcDUoZ1H5/0iVqEudYW4/kAlN5cZ3j/bXn0Dpbizl9iaUVeWSHqiOjsgk6OW2bkLclbBjzewBz6weQ1zA2Q==
  dependencies:
    ini "4.1.1"

has-own-prop@^2.0.0:
  version "2.0.0"
  resolved "https://registry.yarnpkg.com/has-own-prop/-/has-own-prop-2.0.0.tgz#f0f95d58f65804f5d218db32563bb85b8e0417af"
  integrity sha512-Pq0h+hvsVm6dDEa8x82GnLSYHOzNDt7f0ddFa3FqcQlgzEiptPqL+XrOJNavjOzSYiYWIrgeVYYgGlLmnxwilQ==

import-fresh@^3.3.0:
  version "3.3.0"
  resolved "https://registry.yarnpkg.com/import-fresh/-/import-fresh-3.3.0.tgz#37162c25fcb9ebaa2e6e53d5b4d88ce17d9e0c2b"
  integrity sha512-veYYhQa+D1QBKznvhUHxb8faxlrwUnxseDAbAp457E0wLNio2bOSKnjYDhMj+YiAq61xrMGhQk9iXVk5FzgQMw==
  dependencies:
    parent-module "^1.0.0"
    resolve-from "^4.0.0"

import-meta-resolve@^4.1.0:
  version "4.1.0"
  resolved "https://registry.yarnpkg.com/import-meta-resolve/-/import-meta-resolve-4.1.0.tgz#f9db8bead9fafa61adb811db77a2bf22c5399706"
  integrity sha512-I6fiaX09Xivtk+THaMfAwnA3MVA5Big1WHF1Dfx9hFuvNIWpXnorlkzhcQf6ehrqQiiZECRt1poOAkPmer3ruw==

ini@4.1.1:
  version "4.1.1"
  resolved "https://registry.yarnpkg.com/ini/-/ini-4.1.1.tgz#d95b3d843b1e906e56d6747d5447904ff50ce7a1"
  integrity sha512-QQnnxNyfvmHFIsj7gkPcYymR8Jdw/o7mp5ZFihxn6h8Ci6fh3Dx4E1gPjpQEpIuPo9XVNY/ZUwh4BPMjGyL01g==

is-number@^7.0.0:
  version "7.0.0"
  resolved "https://registry.yarnpkg.com/is-number/-/is-number-7.0.0.tgz#7535345b896734d5f80c4d06c50955527a14f12b"
  integrity sha512-41Cifkg6e8TylSpdtTpeLVMqvSBEVzTttHvERD741+pnZ8ANv0004MRL43QKPDlK9cGvNp6NZWZUBlbGXYxxng==

json-buffer@3.0.1:
  version "3.0.1"
  resolved "https://registry.yarnpkg.com/json-buffer/-/json-buffer-3.0.1.tgz#9338802a30d3b6605fbe0613e094008ca8c05a13"
  integrity sha512-4bV5BfR2mqfQTJm+V5tPPdf+ZpuhiIvTuAB5g8kcrXOZpTT/QwwVRWBywX1ozr6lEuPdbHxwaJlm9G6mI2sfSQ==

keyv@^4.5.4:
  version "4.5.4"
  resolved "https://registry.yarnpkg.com/keyv/-/keyv-4.5.4.tgz#a879a99e29452f942439f2a405e3af8b31d4de93"
  integrity sha512-oxVHkHR/EJf2CNXnWxRLW6mg7JyCCUcG0DtEGmL2ctUo1PNTin1PUil+r/+4r5MpVgC/fn1kjsx7mjSujKqIpw==
  dependencies:
    json-buffer "3.0.1"

micromatch@^4.0.8:
  version "4.0.8"
  resolved "https://registry.yarnpkg.com/micromatch/-/micromatch-4.0.8.tgz#d66fa18f3a47076789320b9b1af32bd86d9fa202"
  integrity sha512-PXwfBhYu0hBCPw8Dn0E+WDYb7af3dSLVWKi3HGv84IdF4TyFoC0ysxFd0Goxw7nSv4T/PzEJQxsYsEiFCKo2BA==
  dependencies:
    braces "^3.0.3"
    picomatch "^2.3.1"

parent-module@^1.0.0:
  version "1.0.1"
  resolved "https://registry.yarnpkg.com/parent-module/-/parent-module-1.0.1.tgz#691d2709e78c79fae3a156622452d00762caaaa2"
  integrity sha512-GQ2EWRpQV8/o+Aw8YqtfZZPfNRWZYkbidE9k5rpl/hC3vtHHBfGm2Ifi6qWV+coDGkrUKZAxE3Lot5kcsRlh+g==
  dependencies:
    callsites "^3.0.0"

parent-module@^2.0.0:
  version "2.0.0"
  resolved "https://registry.yarnpkg.com/parent-module/-/parent-module-2.0.0.tgz#fa71f88ff1a50c27e15d8ff74e0e3a9523bf8708"
  integrity sha512-uo0Z9JJeWzv8BG+tRcapBKNJ0dro9cLyczGzulS6EfeyAdeC9sbojtW6XwvYxJkEne9En+J2XEl4zyglVeIwFg==
  dependencies:
    callsites "^3.1.0"

picomatch@^2.3.1:
  version "2.3.1"
  resolved "https://registry.yarnpkg.com/picomatch/-/picomatch-2.3.1.tgz#3ba3833733646d9d3e4995946c1365a67fb07a42"
  integrity sha512-JU3teHTNjmE2VCGFzuY8EXzCDVwEqB2a8fsIvwaStHhAWJEeVd1o1QD80CU6+ZdEXXSLbSsuLwJjkCBWqRQUVA==

picomatch@^4.0.2:
  version "4.0.2"
  resolved "https://registry.yarnpkg.com/picomatch/-/picomatch-4.0.2.tgz#77c742931e8f3b8820946c76cd0c1f13730d1dab"
  integrity sha512-M7BAV6Rlcy5u+m6oPhAPFgJTzAioX/6B0DxyvDlo9l8+T3nLKbrczg2WLUyzd45L8RqfUMyGPzekbMvX2Ldkwg==

prettier@^3.3.3:
  version "3.3.3"
  resolved "https://registry.yarnpkg.com/prettier/-/prettier-3.3.3.tgz#30c54fe0be0d8d12e6ae61dbb10109ea00d53105"
  integrity sha512-i2tDNA0O5IrMO757lfrdQZCc2jPNDVntV0m/+4whiDfWaTKfMNgR7Qz0NAeGz/nRqF4m5/6CLzbP4/liHt12Ew==

repeat-string@^1.6.1:
  version "1.6.1"
  resolved "https://registry.yarnpkg.com/repeat-string/-/repeat-string-1.6.1.tgz#8dcae470e1c88abc2d600fff4a776286da75e637"
  integrity sha512-PV0dzCYDNfRi1jCDbJzpW7jNNDRuCOG/jI5ctQcGKt/clZD+YcPS3yIlWuTJMmESC8aevCFmWJy5wjAFgNqN6w==

resolve-from@^4.0.0:
  version "4.0.0"
  resolved "https://registry.yarnpkg.com/resolve-from/-/resolve-from-4.0.0.tgz#4abcd852ad32dd7baabfe9b40e00a36db5f392e6"
  integrity sha512-pb/MYmXstAkysRFx8piNI1tGFNQIFA3vkE3Gq4EuA1dF6gHp/+vgZqsCGJapvy8N3Q+4o7FwvquPJcnZ7RYy4g==

resolve-from@^5.0.0:
  version "5.0.0"
  resolved "https://registry.yarnpkg.com/resolve-from/-/resolve-from-5.0.0.tgz#c35225843df8f776df21c57557bc087e9dfdfc69"
  integrity sha512-qYg9KP24dD5qka9J47d0aVky0N+b4fTU89LN9iDnjB5waksiC49rvMB0PrUJQGoTmH50XPiqOvAjDfaijGxYZw==

semver@^7.6.3:
  version "7.6.3"
  resolved "https://registry.yarnpkg.com/semver/-/semver-7.6.3.tgz#980f7b5550bc175fb4dc09403085627f9eb33143"
  integrity sha512-oVekP1cKtI+CTDvHWYFUcMtsK/00wmAEfyqKfNdARm8u1wNVhSgaX7A8d4UuIlUI5e84iEwOhs7ZPYRmzU9U6A==

tinyglobby@^0.2.9:
  version "0.2.9"
  resolved "https://registry.yarnpkg.com/tinyglobby/-/tinyglobby-0.2.9.tgz#6baddd1b0fe416403efb0dd40442c7d7c03c1c66"
  integrity sha512-8or1+BGEdk1Zkkw2ii16qSS7uVrQJPre5A9o/XkWPATkk23FZh/15BKFxPnlTy6vkljZxLqYCzzBMj30ZrSvjw==
  dependencies:
    fdir "^6.4.0"
    picomatch "^4.0.2"

to-regex-range@^5.0.1:
  version "5.0.1"
  resolved "https://registry.yarnpkg.com/to-regex-range/-/to-regex-range-5.0.1.tgz#1648c44aae7c8d988a326018ed72f5b4dd0392e4"
  integrity sha512-65P7iz6X5yEr1cwcgvQxbbIw7Uk3gOy5dIdtZ4rDveLqhrdJP+Li/Hx6tyK0NEb+2GCyneCMJiGqrADCSNk8sQ==
  dependencies:
    is-number "^7.0.0"

vscode-languageserver-textdocument@^1.0.12:
  version "1.0.12"
  resolved "https://registry.yarnpkg.com/vscode-languageserver-textdocument/-/vscode-languageserver-textdocument-1.0.12.tgz#457ee04271ab38998a093c68c2342f53f6e4a631"
  integrity sha512-cxWNPesCnQCcMPeenjKKsOCKQZ/L6Tv19DTRIGuLWe32lyzWhihGVJ/rcckZXJxfdKCFvRLS3fpBIsV/ZGX4zA==

vscode-uri@^3.0.8:
  version "3.0.8"
  resolved "https://registry.yarnpkg.com/vscode-uri/-/vscode-uri-3.0.8.tgz#1770938d3e72588659a172d0fd4642780083ff9f"
  integrity sha512-AyFQ0EVmsOZOlAnxoFOGOq1SQDWAB7C6aqMGS23svWAllfOaxbuFvcT8D1i8z3Gyn8fraVeZNNmN6e9bxxXkKw==

xdg-basedir@^5.1.0:
  version "5.1.0"
  resolved "https://registry.yarnpkg.com/xdg-basedir/-/xdg-basedir-5.1.0.tgz#1efba19425e73be1bc6f2a6ceb52a3d2c884c0c9"
  integrity sha512-GCPAHLvrIH13+c0SuacwvRYj2SxJXQ4kaVTT5xgL3kPrz56XxkF21IGhjSE1+W0aw7gpBWRGXLCPnPby6lSpmQ==

yaml@^2.5.1:
  version "2.6.0"
  resolved "https://registry.yarnpkg.com/yaml/-/yaml-2.6.0.tgz#14059ad9d0b1680d0f04d3a60fe00f3a857303c3"
  integrity sha512-a6ae//JvKDEra2kdi1qzCyrJW/WZCgFi8ydDV+eXExl95t+5R+ijnqHJbz9tmMh8FUjx3iv2fCQ4dclAQlO2UQ==

zenn-cli@^0.1.154:
  version "0.1.154"
  resolved "https://registry.yarnpkg.com/zenn-cli/-/zenn-cli-0.1.154.tgz#b42330360c19eeba9ed2d037b6d2923d43a5ee2d"
  integrity sha512-s9SZst7TWiA2VS+40CWUS7pu5cl2OAIhNPyiAtqIwjDFzqB47vVsN78G8VK7VZ7ov6B4gqQrQHcgMHVqvoLN8g==
